PODS:
  - BISegmentedControl (0.1.1)
  - FloatingPanel (2.6.0)
  - Google-Mobile-Ads-SDK (10.1.0):
    - GoogleAppMeasurement (< 11.0, >= 7.0)
    - GoogleUserMessagingPlatform (>= 1.1)
  - GoogleAppMeasurement (10.5.0):
    - GoogleAppMeasurement/AdIdSupport (= 10.5.0)
    - GoogleUtilities/AppDelegateSwizzler (~> 7.8)
    - GoogleUtilities/MethodSwizzler (~> 7.8)
    - GoogleUtilities/Network (~> 7.8)
    - "GoogleUtilities/NSData+zlib (~> 7.8)"
    - nanopb (< 2.30910.0, >= 2.30908.0)
  - GoogleAppMeasurement/AdIdSupport (10.5.0):
    - GoogleAppMeasurement/WithoutAdIdSupport (= 10.5.0)
    - GoogleUtilities/AppDelegateSwizzler (~> 7.8)
    - GoogleUtilities/MethodSwizzler (~> 7.8)
    - GoogleUtilities/Network (~> 7.8)
    - "GoogleUtilities/NSData+zlib (~> 7.8)"
    - nanopb (< 2.30910.0, >= 2.30908.0)
  - GoogleAppMeasurement/WithoutAdIdSupport (10.5.0):
    - GoogleUtilities/AppDelegateSwizzler (~> 7.8)
    - GoogleUtilities/MethodSwizzler (~> 7.8)
    - GoogleUtilities/Network (~> 7.8)
    - "GoogleUtilities/NSData+zlib (~> 7.8)"
    - nanopb (< 2.30910.0, >= 2.30908.0)
  - GoogleUserMessagingPlatform (2.0.1)
  - GoogleUtilities/AppDelegateSwizzler (7.11.0):
    - GoogleUtilities/Environment
    - GoogleUtilities/Logger
    - GoogleUtilities/Network
  - GoogleUtilities/Environment (7.11.0):
    - PromisesObjC (< 3.0, >= 1.2)
  - GoogleUtilities/Logger (7.11.0):
    - GoogleUtilities/Environment
  - GoogleUtilities/MethodSwizzler (7.11.0):
    - GoogleUtilities/Logger
  - GoogleUtilities/Network (7.11.0):
    - GoogleUtilities/Logger
    - "GoogleUtilities/NSData+zlib"
    - GoogleUtilities/Reachability
  - "GoogleUtilities/NSData+zlib (7.11.0)"
  - GoogleUtilities/Reachability (7.11.0):
    - GoogleUtilities/Logger
  - Hero (1.6.0)
  - nanopb (2.30909.0):
    - nanopb/decode (= 2.30909.0)
    - nanopb/encode (= 2.30909.0)
  - nanopb/decode (2.30909.0)
  - nanopb/encode (2.30909.0)
  - PromisesObjC (2.2.0)
  - R.swift (7.2.4)
  - Realm (10.36.0):
    - Realm/Headers (= 10.36.0)
  - Realm/Headers (10.36.0)
  - RealmSwift (10.36.0):
    - Realm (= 10.36.0)
  - RxCocoa (6.5.0):
    - RxRelay (= 6.5.0)
    - RxSwift (= 6.5.0)
  - RxGesture (4.0.4):
    - RxCocoa (~> 6.0)
    - RxSwift (~> 6.0)
  - RxRelay (6.5.0):
    - RxSwift (= 6.5.0)
  - RxSwift (6.5.0)
  - SafeAreaBrush (1.0.4)
  - SwiftRater (2.1.0)

DEPENDENCIES:
  - BISegmentedControl
  - FloatingPanel
  - Google-Mobile-Ads-SDK
  - Hero (= 1.6.0)
  - R.swift
  - RealmSwift (~> 10)
  - RxCocoa
  - RxGesture
  - RxSwift
  - SafeAreaBrush
  - SwiftRater

SPEC REPOS:
  trunk:
    - BISegmentedControl
    - FloatingPanel
    - Google-Mobile-Ads-SDK
    - GoogleAppMeasurement
    - GoogleUserMessagingPlatform
    - GoogleUtilities
    - Hero
    - nanopb
    - PromisesObjC
    - R.swift
    - Realm
    - RealmSwift
    - RxCocoa
    - RxGesture
    - RxRelay
    - RxSwift
    - SafeAreaBrush
    - SwiftRater

SPEC CHECKSUMS:
  BISegmentedControl: 748dca74da5dd62039176c8fec2c372161d89916
  FloatingPanel: 2d4a82745948d9c66be1daf51a03e9e70c9d2a2a
  Google-Mobile-Ads-SDK: 894be2e3e3e8281004bda14381f9af7ad73eeffd
  GoogleAppMeasurement: 40c70a7d89013f0eca72006c4b9732163ea4cdae
  GoogleUserMessagingPlatform: 5f8b30daf181805317b6b985bb51c1ff3beca054
  GoogleUtilities: c2bdc4cf2ce786c4d2e6b3bcfd599a25ca78f06f
  Hero: 052b9b9bab68fc4e30cc04e5936eaf0de97b59d3
  nanopb: b552cce312b6c8484180ef47159bc0f65a1f0431
  PromisesObjC: 09985d6d70fbe7878040aa746d78236e6946d2ef
  R.swift: 681bb9135f482e7a81d9d27445b837fef5467e11
  Realm: 3fd136cb4c83a927482a7f1612496d37beed3cf5
  RealmSwift: 513d4dcbf5bfc4d573454088b592685fc48dd716
  RxCocoa: 94f817b71c07517321eb4f9ad299112ca8af743b
  RxGesture: f3efb47ed2d26a8082f7b660d4a59970e275a7f8
  RxRelay: 1de1523e604c72b6c68feadedd1af3b1b4d0ecbd
  RxSwift: 5710a9e6b17f3c3d6e40d6e559b9fa1e813b2ef8
  SafeAreaBrush: 282315ce500e436c04b2c26b46e8ac0ad4288bbd
  SwiftRater: 23f3c60a468daf3cad69447b67e42d6f5261331f

PODFILE CHECKSUM: 5e06340a6fc54158fa9bc098ac5384879d4fcffd

COCOAPODS: 1.11.3
