PODS:
  - Alamofire (5.8.0)
  - BISegmentedControl (0.1.1)
  - FloatingPanel (2.6.1)
  - Google-Mobile-Ads-SDK (10.5.0):
    - GoogleAppMeasurement (< 11.0, >= 7.0)
    - GoogleUserMessagingPlatform (>= 1.1)
  - GoogleAppMeasurement (10.9.0):
    - GoogleAppMeasurement/AdIdSupport (= 10.9.0)
    - GoogleUtilities/AppDelegateSwizzler (~> 7.11)
    - GoogleUtilities/MethodSwizzler (~> 7.11)
    - GoogleUtilities/Network (~> 7.11)
    - "GoogleUtilities/NSData+zlib (~> 7.11)"
    - nanopb (< 2.30910.0, >= 2.30908.0)
  - GoogleAppMeasurement/AdIdSupport (10.9.0):
    - GoogleAppMeasurement/WithoutAdIdSupport (= 10.9.0)
    - GoogleUtilities/AppDelegateSwizzler (~> 7.11)
    - GoogleUtilities/MethodSwizzler (~> 7.11)
    - GoogleUtilities/Network (~> 7.11)
    - "GoogleUtilities/NSData+zlib (~> 7.11)"
    - nanopb (< 2.30910.0, >= 2.30908.0)
  - GoogleAppMeasurement/WithoutAdIdSupport (10.9.0):
    - GoogleUtilities/AppDelegateSwizzler (~> 7.11)
    - GoogleUtilities/MethodSwizzler (~> 7.11)
    - GoogleUtilities/Network (~> 7.11)
    - "GoogleUtilities/NSData+zlib (~> 7.11)"
    - nanopb (< 2.30910.0, >= 2.30908.0)
  - GoogleUserMessagingPlatform (2.0.1)
  - GoogleUtilities/AppDelegateSwizzler (7.11.1):
    - GoogleUtilities/Environment
    - GoogleUtilities/Logger
    - GoogleUtilities/Network
  - GoogleUtilities/Environment (7.11.1):
    - PromisesObjC (< 3.0, >= 1.2)
  - GoogleUtilities/Logger (7.11.1):
    - GoogleUtilities/Environment
  - GoogleUtilities/MethodSwizzler (7.11.1):
    - GoogleUtilities/Logger
  - GoogleUtilities/Network (7.11.1):
    - GoogleUtilities/Logger
    - "GoogleUtilities/NSData+zlib"
    - GoogleUtilities/Reachability
  - "GoogleUtilities/NSData+zlib (7.11.1)"
  - GoogleUtilities/Reachability (7.11.1):
    - GoogleUtilities/Logger
  - Hero (1.6.2)
  - nanopb (2.30909.0):
    - nanopb/decode (= 2.30909.0)
    - nanopb/encode (= 2.30909.0)
  - nanopb/decode (2.30909.0)
  - nanopb/encode (2.30909.0)
  - PromisesObjC (2.2.0)
  - R.swift (7.2.4)
  - Realm (10.42.4):
    - Realm/Headers (= 10.42.4)
  - Realm/Headers (10.42.4)
  - RealmSwift (10.42.4):
    - Realm (= 10.42.4)
  - RxCocoa (6.5.0):
    - RxRelay (= 6.5.0)
    - RxSwift (= 6.5.0)
  - RxGesture (4.0.4):
    - RxCocoa (~> 6.0)
    - RxSwift (~> 6.0)
  - RxRelay (6.5.0):
    - RxSwift (= 6.5.0)
  - RxSwift (6.5.0)
  - SafeAreaBrush (1.0.4)
  - SwiftRater (2.1.1)

DEPENDENCIES:
  - Alamofire (~> 5.8.0)
  - BISegmentedControl (~> 0.1.1)
  - FloatingPanel (~> 2.6.0)
  - Google-Mobile-Ads-SDK
  - Hero (~> 1.6.2)
  - R.swift
  - RealmSwift (= 10.42.4)
  - RxCocoa (~> 6.5.0)
  - RxGesture (~> 4.0.4)
  - RxSwift (~> 6.5.0)
  - SafeAreaBrush (~> 1.0.4)
  - SwiftRater (~> 2.1.0)

SPEC REPOS:
  trunk:
    - Alamofire
    - BISegmentedControl
    - FloatingPanel
    - Google-Mobile-Ads-SDK
    - GoogleAppMeasurement
    - GoogleUserMessagingPlatform
    - GoogleUtilities
    - Hero
    - nanopb
    - PromisesObjC
    - R.swift
    - Realm
    - RealmSwift
    - RxCocoa
    - RxGesture
    - RxRelay
    - RxSwift
    - SafeAreaBrush
    - SwiftRater

SPEC CHECKSUMS:
  Alamofire: 0e92e751b3e9e66d7982db43919d01f313b8eb91
  BISegmentedControl: 748dca74da5dd62039176c8fec2c372161d89916
  FloatingPanel: de6bb891912ede28da7b1140f7b583c474fec28a
  Google-Mobile-Ads-SDK: d4846d2d9bfe840ad7444078b5f9f565032bd4c2
  GoogleAppMeasurement: 373bcbead1bb6a85be7a64d5d8f96284b762ea9c
  GoogleUserMessagingPlatform: 5f8b30daf181805317b6b985bb51c1ff3beca054
  GoogleUtilities: 9aa0ad5a7bc171f8bae016300bfcfa3fb8425749
  Hero: c69009dbc9e2f0472e081adc644dba05fcedae72
  nanopb: b552cce312b6c8484180ef47159bc0f65a1f0431
  PromisesObjC: 09985d6d70fbe7878040aa746d78236e6946d2ef
  R.swift: 681bb9135f482e7a81d9d27445b837fef5467e11
  Realm: a3a10c2110744ec9510a5fc21a6051818c6181c7
  RealmSwift: d25fa6c3cbb722a698993a501206d9841d79ca32
  RxCocoa: 94f817b71c07517321eb4f9ad299112ca8af743b
  RxGesture: f3efb47ed2d26a8082f7b660d4a59970e275a7f8
  RxRelay: 1de1523e604c72b6c68feadedd1af3b1b4d0ecbd
  RxSwift: 5710a9e6b17f3c3d6e40d6e559b9fa1e813b2ef8
  SafeAreaBrush: 282315ce500e436c04b2c26b46e8ac0ad4288bbd
  SwiftRater: bb8caf402fe466c8f93b53a902cc24a4eb68acec

PODFILE CHECKSUM: 88b7704717e36bb63d3472b1c710d46a17897fac

COCOAPODS: 1.12.1
