// !$*UTF8*$!
{
	archiveVersion = 1;
	classes = {
	};
	objectVersion = 54;
	objects = {

/* Begin PBXBuildFile section */
		06C6F6B48F58F30837E8A596 /* Pods_NoGaDa_NoGaDaUITests.framework in Frameworks */ = {isa = PBXBuildFile; fileRef = 6873F83FC069DBDADA7CBF7F /* Pods_NoGaDa_NoGaDaUITests.framework */; };
		22675E4DC94DA537D8C1CA74 /* Pods_NoGaDaTests.framework in Frameworks */ = {isa = PBXBuildFile; fileRef = 5B9F841F3EB03735370B8BA9 /* Pods_NoGaDaTests.framework */; };
		491A6D062707026C00E41D5B /* InfoPlist.strings in Resources */ = {isa = PBXBuildFile; fileRef = 491A6D082707026C00E41D5B /* InfoPlist.strings */; };
		491C19C1271D89FD00D4DEB9 /* MainViewModel.swift in Sources */ = {isa = PBXBuildFile; fileRef = 491C19C0271D89FD00D4DEB9 /* MainViewModel.swift */; };
		493576BF26F70419008CB6DA /* PopUpArchiveFolderTableViewCell.swift in Sources */ = {isa = PBXBuildFile; fileRef = 493576BD26F70419008CB6DA /* PopUpArchiveFolderTableViewCell.swift */; };
		493576C026F70419008CB6DA /* PopUpArchiveFolderTableViewCell.xib in Resources */ = {isa = PBXBuildFile; fileRef = 493576BE26F70419008CB6DA /* PopUpArchiveFolderTableViewCell.xib */; };
		493BCBE026F4B2890096422A /* PopUpArchiveFolderViewController.swift in Sources */ = {isa = PBXBuildFile; fileRef = 493BCBDF26F4B2890096422A /* PopUpArchiveFolderViewController.swift */; };
		493BCBE526F4BAEF0096422A /* FolderTableViewCell.swift in Sources */ = {isa = PBXBuildFile; fileRef = 493BCBE326F4BAEF0096422A /* FolderTableViewCell.swift */; };
		493BCBE626F4BAEF0096422A /* FolderTableViewCell.xib in Resources */ = {isa = PBXBuildFile; fileRef = 493BCBE426F4BAEF0096422A /* FolderTableViewCell.xib */; };
		493BCBEA26F4CEA10096422A /* SongTableViewCell.swift in Sources */ = {isa = PBXBuildFile; fileRef = 493BCBE826F4CEA10096422A /* SongTableViewCell.swift */; };
		493BCBEB26F4CEA10096422A /* SongTableViewCell.xib in Resources */ = {isa = PBXBuildFile; fileRef = 493BCBE926F4CEA10096422A /* SongTableViewCell.xib */; };
		493BCBED26F4E2AB0096422A /* ArchiveSongFloatingPanelLayout.swift in Sources */ = {isa = PBXBuildFile; fileRef = 493BCBEC26F4E2AB0096422A /* ArchiveSongFloatingPanelLayout.swift */; };
		493BCBF026F4EBCF0096422A /* UpdatedSongTableViewCell.swift in Sources */ = {isa = PBXBuildFile; fileRef = 493BCBEE26F4EBCF0096422A /* UpdatedSongTableViewCell.swift */; };
		493BCBF126F4EBCF0096422A /* UpdatedSongTableViewCell.xib in Resources */ = {isa = PBXBuildFile; fileRef = 493BCBEF26F4EBCF0096422A /* UpdatedSongTableViewCell.xib */; };
		493BCBF326F642630096422A /* EmojiTextField.swift in Sources */ = {isa = PBXBuildFile; fileRef = 493BCBF226F642630096422A /* EmojiTextField.swift */; };
		493F232E270DEA4700A618DC /* ArchiveFolderFloatingPanelView.swift in Sources */ = {isa = PBXBuildFile; fileRef = 493F232D270DEA4700A618DC /* ArchiveFolderFloatingPanelView.swift */; };
		49484CFC2720766100EC12B3 /* SearchViewModel.swift in Sources */ = {isa = PBXBuildFile; fileRef = 49484CFB2720766100EC12B3 /* SearchViewModel.swift */; };
		49484CFE2720791900EC12B3 /* SearchResultViewModel.swift in Sources */ = {isa = PBXBuildFile; fileRef = 49484CFD2720791900EC12B3 /* SearchResultViewModel.swift */; };
		49484D002720880400EC12B3 /* SearchHistoryViewModel.swift in Sources */ = {isa = PBXBuildFile; fileRef = 49484CFF2720880400EC12B3 /* SearchHistoryViewModel.swift */; };
		49484D022720B6D500EC12B3 /* ArchiveFolderViewModel.swift in Sources */ = {isa = PBXBuildFile; fileRef = 49484D012720B6D500EC12B3 /* ArchiveFolderViewModel.swift */; };
		49484D042720BD7D00EC12B3 /* ArchiveSongViewModel.swift in Sources */ = {isa = PBXBuildFile; fileRef = 49484D032720BD7D00EC12B3 /* ArchiveSongViewModel.swift */; };
		4950FEAB26FB9E9F0093B553 /* BISegmentedControl.swift in Sources */ = {isa = PBXBuildFile; fileRef = 4950FEAA26FB9E9F0093B553 /* BISegmentedControl.swift */; };
		495334312711DE37003F64DE /* SearchResultViewController.swift in Sources */ = {isa = PBXBuildFile; fileRef = 495334302711DE37003F64DE /* SearchResultViewController.swift */; };
		495334332711DE4B003F64DE /* SearchHistoryViewController.swift in Sources */ = {isa = PBXBuildFile; fileRef = 495334322711DE4B003F64DE /* SearchHistoryViewController.swift */; };
		495334362711FE75003F64DE /* SearchHistoryTableViewCell.swift in Sources */ = {isa = PBXBuildFile; fileRef = 495334342711FE75003F64DE /* SearchHistoryTableViewCell.swift */; };
		495334372711FE75003F64DE /* SearchHistoryTableViewCell.xib in Resources */ = {isa = PBXBuildFile; fileRef = 495334352711FE75003F64DE /* SearchHistoryTableViewCell.xib */; };
		4953343B271204C4003F64DE /* SearchHistoryManager.swift in Sources */ = {isa = PBXBuildFile; fileRef = 4953343A271204C4003F64DE /* SearchHistoryManager.swift */; };
		4953343F2712C503003F64DE /* SearchHistory.swift in Sources */ = {isa = PBXBuildFile; fileRef = 4953343E2712C503003F64DE /* SearchHistory.swift */; };
		4956CE2526F467040007523B /* AppDelegate.swift in Sources */ = {isa = PBXBuildFile; fileRef = 4956CE2426F467040007523B /* AppDelegate.swift */; };
		4956CE2726F467040007523B /* SceneDelegate.swift in Sources */ = {isa = PBXBuildFile; fileRef = 4956CE2626F467040007523B /* SceneDelegate.swift */; };
		4956CE2926F467040007523B /* MainViewController.swift in Sources */ = {isa = PBXBuildFile; fileRef = 4956CE2826F467040007523B /* MainViewController.swift */; };
		4956CE2C26F467040007523B /* Main.storyboard in Resources */ = {isa = PBXBuildFile; fileRef = 4956CE2A26F467040007523B /* Main.storyboard */; };
		4956CE2E26F467060007523B /* Assets.xcassets in Resources */ = {isa = PBXBuildFile; fileRef = 4956CE2D26F467060007523B /* Assets.xcassets */; };
		4956CE3126F467060007523B /* LaunchScreen.storyboard in Resources */ = {isa = PBXBuildFile; fileRef = 4956CE2F26F467060007523B /* LaunchScreen.storyboard */; };
		4956CE3C26F467060007523B /* NoGaDaTests.swift in Sources */ = {isa = PBXBuildFile; fileRef = 4956CE3B26F467060007523B /* NoGaDaTests.swift */; };
		4956CE4726F467060007523B /* NoGaDaUITests.swift in Sources */ = {isa = PBXBuildFile; fileRef = 4956CE4626F467060007523B /* NoGaDaUITests.swift */; };
		4956CE5D26F4940A0007523B /* SearchViewController.swift in Sources */ = {isa = PBXBuildFile; fileRef = 4956CE5C26F4940A0007523B /* SearchViewController.swift */; };
		4956CE5F26F494730007523B /* ArchiveFolderViewController.swift in Sources */ = {isa = PBXBuildFile; fileRef = 4956CE5E26F494730007523B /* ArchiveFolderViewController.swift */; };
		4956CE6126F494870007523B /* ArchiveSongViewController.swift in Sources */ = {isa = PBXBuildFile; fileRef = 4956CE6026F494870007523B /* ArchiveSongViewController.swift */; };
		4956CE6326F494990007523B /* AddFolderViewController.swift in Sources */ = {isa = PBXBuildFile; fileRef = 4956CE6226F494990007523B /* AddFolderViewController.swift */; };
		496BE2AF27173D5300CFD96D /* SplashView.swift in Sources */ = {isa = PBXBuildFile; fileRef = 496BE2AE27173D5300CFD96D /* SplashView.swift */; };
		4989A72626F8863C00A98B63 /* KaraokeApiManager.swift in Sources */ = {isa = PBXBuildFile; fileRef = 4989A72526F8863C00A98B63 /* KaraokeApiManager.swift */; };
		4992C7622721B3D6006045FF /* AddFolderViewModel.swift in Sources */ = {isa = PBXBuildFile; fileRef = 4992C7612721B3D6006045FF /* AddFolderViewModel.swift */; };
		4992C7642721B86F006045FF /* PopUpArchiveFolderViewModel.swift in Sources */ = {isa = PBXBuildFile; fileRef = 4992C7632721B86F006045FF /* PopUpArchiveFolderViewModel.swift */; };
		4997CFD42704705B005F0D85 /* IconResourceCollectionViewCell.swift in Sources */ = {isa = PBXBuildFile; fileRef = 4997CFD22704705B005F0D85 /* IconResourceCollectionViewCell.swift */; };
		4997CFD52704705B005F0D85 /* IconResourceCollectionViewCell.xib in Resources */ = {isa = PBXBuildFile; fileRef = 4997CFD32704705B005F0D85 /* IconResourceCollectionViewCell.xib */; };
		4997CFD7270471CB005F0D85 /* ResourceItem.swift in Sources */ = {isa = PBXBuildFile; fileRef = 4997CFD6270471CB005F0D85 /* ResourceItem.swift */; };
		4997D01727059FD3005F0D85 /* ArchiveFolderShortcutView.swift in Sources */ = {isa = PBXBuildFile; fileRef = 4997D01627059FD3005F0D85 /* ArchiveFolderShortcutView.swift */; };
		49C6DC33270298E30094403B /* AppbarView.swift in Sources */ = {isa = PBXBuildFile; fileRef = 49C6DC32270298E30094403B /* AppbarView.swift */; };
		49C6DC75270372F40094403B /* SettingViewController.swift in Sources */ = {isa = PBXBuildFile; fileRef = 49C6DC74270372F40094403B /* SettingViewController.swift */; };
		49C6DC7A270381910094403B /* SettingEtcTableViewCell.swift in Sources */ = {isa = PBXBuildFile; fileRef = 49C6DC78270381910094403B /* SettingEtcTableViewCell.swift */; };
		49C6DC7B270381910094403B /* SettingEtcTableViewCell.xib in Resources */ = {isa = PBXBuildFile; fileRef = 49C6DC79270381910094403B /* SettingEtcTableViewCell.xib */; };
		49C6DC7D270382620094403B /* SettingEtcItem.swift in Sources */ = {isa = PBXBuildFile; fileRef = 49C6DC7C270382620094403B /* SettingEtcItem.swift */; };
		49D1D6AE26FC686D0024C5F9 /* KaraokeBrand.swift in Sources */ = {isa = PBXBuildFile; fileRef = 49D1D6AD26FC686D0024C5F9 /* KaraokeBrand.swift */; };
		49D1D6B026FC689D0024C5F9 /* KaraokeAPIErrMessage.swift in Sources */ = {isa = PBXBuildFile; fileRef = 49D1D6AF26FC689D0024C5F9 /* KaraokeAPIErrMessage.swift */; };
		49D1D6B226FC68F30024C5F9 /* Song.swift in Sources */ = {isa = PBXBuildFile; fileRef = 49D1D6B126FC68F30024C5F9 /* Song.swift */; };
		49D1D6B426FC69660024C5F9 /* KaraokeAPIPath.swift in Sources */ = {isa = PBXBuildFile; fileRef = 49D1D6B326FC69660024C5F9 /* KaraokeAPIPath.swift */; };
		49D1D6B626FC69770024C5F9 /* ArchiveSong.swift in Sources */ = {isa = PBXBuildFile; fileRef = 49D1D6B526FC69770024C5F9 /* ArchiveSong.swift */; };
		49D1D6B826FC6C0E0024C5F9 /* ArchiveFolder.swift in Sources */ = {isa = PBXBuildFile; fileRef = 49D1D6B726FC6C0E0024C5F9 /* ArchiveFolder.swift */; };
		49D1D6BC26FC70720024C5F9 /* SongFolderManager.swift in Sources */ = {isa = PBXBuildFile; fileRef = 49D1D6BB26FC70720024C5F9 /* SongFolderManager.swift */; };
		49D4CD4A26F9E25C000D2E28 /* SearchFilterTableViewCell.swift in Sources */ = {isa = PBXBuildFile; fileRef = 49D4CD4826F9E25B000D2E28 /* SearchFilterTableViewCell.swift */; };
		49D4CD4B26F9E25C000D2E28 /* SearchFilterTableViewCell.xib in Resources */ = {isa = PBXBuildFile; fileRef = 49D4CD4926F9E25B000D2E28 /* SearchFilterTableViewCell.xib */; };
		49D4CD4D26F9E448000D2E28 /* SearchFilterItem.swift in Sources */ = {isa = PBXBuildFile; fileRef = 49D4CD4C26F9E448000D2E28 /* SearchFilterItem.swift */; };
		49D4CD4F26F9E5ED000D2E28 /* PopOverSearchFilterViewController.swift in Sources */ = {isa = PBXBuildFile; fileRef = 49D4CD4E26F9E5ED000D2E28 /* PopOverSearchFilterViewController.swift */; };
		49E6EB5B270E0F3200610383 /* AdMobManager.swift in Sources */ = {isa = PBXBuildFile; fileRef = 49E6EB5A270E0F3200610383 /* AdMobManager.swift */; };
		49FB0D0A27038DED00AE3A9F /* CreditViewController.swift in Sources */ = {isa = PBXBuildFile; fileRef = 49FB0D0927038DED00AE3A9F /* CreditViewController.swift */; };
		8E03595D27D799B9006A77CA /* Setting.storyboard in Resources */ = {isa = PBXBuildFile; fileRef = 8E03595C27D799B9006A77CA /* Setting.storyboard */; };
		8E03596127D79F43006A77CA /* Archive.storyboard in Resources */ = {isa = PBXBuildFile; fileRef = 8E03596027D79F43006A77CA /* Archive.storyboard */; };
		8E03596327D79F8C006A77CA /* Search.storyboard in Resources */ = {isa = PBXBuildFile; fileRef = 8E03596227D79F8C006A77CA /* Search.storyboard */; };
		8E03596527D7A25C006A77CA /* Folder.storyboard in Resources */ = {isa = PBXBuildFile; fileRef = 8E03596427D7A25C006A77CA /* Folder.storyboard */; };
		8E14E8EB27D49E2D008F18B8 /* HapticFeedbackManager.swift in Sources */ = {isa = PBXBuildFile; fileRef = 8E14E8EA27D49E2D008F18B8 /* HapticFeedbackManager.swift */; };
		8E33F3F828546F7000B6E6EE /* ViewModelInjectable.swift in Sources */ = {isa = PBXBuildFile; fileRef = 8E33F3F728546F7000B6E6EE /* ViewModelInjectable.swift */; };
		8E33F3FB28547C7200B6E6EE /* R.generated.swift in Sources */ = {isa = PBXBuildFile; fileRef = 8E33F3FA28547C7200B6E6EE /* R.generated.swift */; };
		8E33F3FD2854978D00B6E6EE /* BaseViewController.swift in Sources */ = {isa = PBXBuildFile; fileRef = 8E33F3FC2854978D00B6E6EE /* BaseViewController.swift */; };
		8E33F3FF2854A54000B6E6EE /* PopOverSearchFilterViewModel.swift in Sources */ = {isa = PBXBuildFile; fileRef = 8E33F3FE2854A54000B6E6EE /* PopOverSearchFilterViewModel.swift */; };
		8E33F4002857980500B6E6EE /* ArchiveSongViewController.swift in Sources */ = {isa = PBXBuildFile; fileRef = 4956CE6026F494870007523B /* ArchiveSongViewController.swift */; };
		8E33F40228579C0C00B6E6EE /* AppbarHeight.swift in Sources */ = {isa = PBXBuildFile; fileRef = 8E33F40128579C0C00B6E6EE /* AppbarHeight.swift */; };
		8E33F4042857A08900B6E6EE /* UIView+StatusBar.swift in Sources */ = {isa = PBXBuildFile; fileRef = 8E33F4032857A08900B6E6EE /* UIView+StatusBar.swift */; };
		8E3CE86D28B251A100C3DD27 /* ViewModelType.swift in Sources */ = {isa = PBXBuildFile; fileRef = 8E3CE86C28B251A100C3DD27 /* ViewModelType.swift */; };
		8E3CE87128B26CC700C3DD27 /* UIViewController+Rx.swift in Sources */ = {isa = PBXBuildFile; fileRef = 8E3CE87028B26CC700C3DD27 /* UIViewController+Rx.swift */; };
		8E3CE87328B2776F00C3DD27 /* BISegmentedControl+Rx.swift in Sources */ = {isa = PBXBuildFile; fileRef = 8E3CE87228B2776F00C3DD27 /* BISegmentedControl+Rx.swift */; };
		8E6C95DE276797D100667C01 /* PopUpSongOptionViewController.swift in Sources */ = {isa = PBXBuildFile; fileRef = 8E6C95DD276797D100667C01 /* PopUpSongOptionViewController.swift */; };
		8E6C95E027679BB400667C01 /* SongOptionFloatingPanelView.swift in Sources */ = {isa = PBXBuildFile; fileRef = 8E6C95DF27679BB400667C01 /* SongOptionFloatingPanelView.swift */; };
		8E6C95E22767A8F900667C01 /* SongOptionFloatingPanelLayout.swift in Sources */ = {isa = PBXBuildFile; fileRef = 8E6C95E12767A8F900667C01 /* SongOptionFloatingPanelLayout.swift */; };
		8E6C95E62767B18500667C01 /* PopUpSongOptionTableViewCell.swift in Sources */ = {isa = PBXBuildFile; fileRef = 8E6C95E42767B18500667C01 /* PopUpSongOptionTableViewCell.swift */; };
		8E6C95E72767B18500667C01 /* PopUpSongOptionTableViewCell.xib in Resources */ = {isa = PBXBuildFile; fileRef = 8E6C95E52767B18500667C01 /* PopUpSongOptionTableViewCell.xib */; };
		8E6C95E92767B37B00667C01 /* PopUpSongOptionViewModel.swift in Sources */ = {isa = PBXBuildFile; fileRef = 8E6C95E82767B37B00667C01 /* PopUpSongOptionViewModel.swift */; };
		8E6C95EB2767B43700667C01 /* SongOption.swift in Sources */ = {isa = PBXBuildFile; fileRef = 8E6C95EA2767B43700667C01 /* SongOption.swift */; };
		8E70392E275F2D15001D10A6 /* AddSongViewController.swift in Sources */ = {isa = PBXBuildFile; fileRef = 8E70392D275F2D15001D10A6 /* AddSongViewController.swift */; };
		8E703930275F466D001D10A6 /* AddSongViewModel.swift in Sources */ = {isa = PBXBuildFile; fileRef = 8E70392F275F466D001D10A6 /* AddSongViewModel.swift */; };
		8E703932275FA59B001D10A6 /* HighlightingTextfield.swift in Sources */ = {isa = PBXBuildFile; fileRef = 8E703931275FA59B001D10A6 /* HighlightingTextfield.swift */; };
		8E703934275FECE3001D10A6 /* CreditViewModel.swift in Sources */ = {isa = PBXBuildFile; fileRef = 8E703933275FECE3001D10A6 /* CreditViewModel.swift */; };
		8E79DC4128BB73B0000B4874 /* AnimateButton.swift in Sources */ = {isa = PBXBuildFile; fileRef = 8E79DC4028BB73B0000B4874 /* AnimateButton.swift */; };
		8E79DC4328BB73CE000B4874 /* UIView+TapScaleAnimation.swift in Sources */ = {isa = PBXBuildFile; fileRef = 8E79DC4228BB73CE000B4874 /* UIView+TapScaleAnimation.swift */; };
		8E79DC4528BB7858000B4874 /* AnimateView.swift in Sources */ = {isa = PBXBuildFile; fileRef = 8E79DC4428BB7858000B4874 /* AnimateView.swift */; };
		8E98D7792826DAED0056CED4 /* UIScrollView+ScrollToTop.swift in Sources */ = {isa = PBXBuildFile; fileRef = 8E98D7782826DAED0056CED4 /* UIScrollView+ScrollToTop.swift */; };
		8E98D77B2826DB1F0056CED4 /* UIActivityIndicatorView+Toggle.swift in Sources */ = {isa = PBXBuildFile; fileRef = 8E98D77A2826DB1F0056CED4 /* UIActivityIndicatorView+Toggle.swift */; };
		8E98D77D2826DB380056CED4 /* UILabel+AccentColor.swift in Sources */ = {isa = PBXBuildFile; fileRef = 8E98D77C2826DB380056CED4 /* UILabel+AccentColor.swift */; };
		8E98D77F2826DB830056CED4 /* UISegmentedControl+Focus.swift in Sources */ = {isa = PBXBuildFile; fileRef = 8E98D77E2826DB830056CED4 /* UISegmentedControl+Focus.swift */; };
		8E98D7812826DBA60056CED4 /* UITextField+Padding.swift in Sources */ = {isa = PBXBuildFile; fileRef = 8E98D7802826DBA60056CED4 /* UITextField+Padding.swift */; };
		8E98D7842826DBD40056CED4 /* UITextField+PlaceholderColor.swift in Sources */ = {isa = PBXBuildFile; fileRef = 8E98D7832826DBD40056CED4 /* UITextField+PlaceholderColor.swift */; };
		8E98D78A2826DD000056CED4 /* UIView+Decorate.swift in Sources */ = {isa = PBXBuildFile; fileRef = 8E98D7892826DD000056CED4 /* UIView+Decorate.swift */; };
		8E98D78C2826DD280056CED4 /* SurfaceAppearance+PanelShadow.swift in Sources */ = {isa = PBXBuildFile; fileRef = 8E98D78B2826DD280056CED4 /* SurfaceAppearance+PanelShadow.swift */; };
		8E98D78E2826DD480056CED4 /* UITextView+CenterAlign.swift in Sources */ = {isa = PBXBuildFile; fileRef = 8E98D78D2826DD480056CED4 /* UITextView+CenterAlign.swift */; };
		8E98D7902826DD5D0056CED4 /* UIbutton+Padding.swift in Sources */ = {isa = PBXBuildFile; fileRef = 8E98D78F2826DD5D0056CED4 /* UIbutton+Padding.swift */; };
		8EFA4D7D2784B015009A8256 /* KaraokeBrandPickerViewController.swift in Sources */ = {isa = PBXBuildFile; fileRef = 8EFA4D7C2784B015009A8256 /* KaraokeBrandPickerViewController.swift */; };
		8EFA4D7F2784B074009A8256 /* KaraokeBrandPickerViewModel.swift in Sources */ = {isa = PBXBuildFile; fileRef = 8EFA4D7E2784B074009A8256 /* KaraokeBrandPickerViewModel.swift */; };
		8EFA4D8F2786C589009A8256 /* KaraokeBrandPickerTableViewCell.swift in Sources */ = {isa = PBXBuildFile; fileRef = 8EFA4D8D2786C589009A8256 /* KaraokeBrandPickerTableViewCell.swift */; };
		8EFA4D902786C589009A8256 /* KaraokeBrandPickerTableViewCell.xib in Resources */ = {isa = PBXBuildFile; fileRef = 8EFA4D8E2786C589009A8256 /* KaraokeBrandPickerTableViewCell.xib */; };
		EC86F35FA1048DBBFF87B880 /* Pods_NoGaDa.framework in Frameworks */ = {isa = PBXBuildFile; fileRef = 8A2F4823EF896D2CDD235013 /* Pods_NoGaDa.framework */; };
/* End PBXBuildFile section */

/* Begin PBXContainerItemProxy section */
		4956CE3826F467060007523B /* PBXContainerItemProxy */ = {
			isa = PBXContainerItemProxy;
			containerPortal = 4956CE1926F467040007523B /* Project object */;
			proxyType = 1;
			remoteGlobalIDString = 4956CE2026F467040007523B;
			remoteInfo = NoGaDa;
		};
		4956CE4326F467060007523B /* PBXContainerItemProxy */ = {
			isa = PBXContainerItemProxy;
			containerPortal = 4956CE1926F467040007523B /* Project object */;
			proxyType = 1;
			remoteGlobalIDString = 4956CE2026F467040007523B;
			remoteInfo = NoGaDa;
		};
/* End PBXContainerItemProxy section */

/* Begin PBXFileReference section */
		0332DD93DD171EB6D07A964B /* Pods-NoGaDaTests.debug.xcconfig */ = {isa = PBXFileReference; includeInIndex = 1; lastKnownFileType = text.xcconfig; name = "Pods-NoGaDaTests.debug.xcconfig"; path = "Target Support Files/Pods-NoGaDaTests/Pods-NoGaDaTests.debug.xcconfig"; sourceTree = "<group>"; };
		4422EEB87FDF2468201579D4 /* Pods-NoGaDa-NoGaDaUITests.debug.xcconfig */ = {isa = PBXFileReference; includeInIndex = 1; lastKnownFileType = text.xcconfig; name = "Pods-NoGaDa-NoGaDaUITests.debug.xcconfig"; path = "Target Support Files/Pods-NoGaDa-NoGaDaUITests/Pods-NoGaDa-NoGaDaUITests.debug.xcconfig"; sourceTree = "<group>"; };
		491A6D022707021600E41D5B /* ko */ = {isa = PBXFileReference; lastKnownFileType = text.plist.strings; name = ko; path = ko.lproj/Main.strings; sourceTree = "<group>"; };
		491A6D032707021600E41D5B /* ko */ = {isa = PBXFileReference; lastKnownFileType = text.plist.strings; name = ko; path = ko.lproj/LaunchScreen.strings; sourceTree = "<group>"; };
		491A6D072707026C00E41D5B /* ko */ = {isa = PBXFileReference; lastKnownFileType = text.plist.strings; name = ko; path = ko.lproj/InfoPlist.strings; sourceTree = "<group>"; };
		491A6D092707027000E41D5B /* en */ = {isa = PBXFileReference; lastKnownFileType = text.plist.strings; name = en; path = en.lproj/InfoPlist.strings; sourceTree = "<group>"; };
		491C19C0271D89FD00D4DEB9 /* MainViewModel.swift */ = {isa = PBXFileReference; lastKnownFileType = sourcecode.swift; path = MainViewModel.swift; sourceTree = "<group>"; };
		493576BD26F70419008CB6DA /* PopUpArchiveFolderTableViewCell.swift */ = {isa = PBXFileReference; lastKnownFileType = sourcecode.swift; path = PopUpArchiveFolderTableViewCell.swift; sourceTree = "<group>"; };
		493576BE26F70419008CB6DA /* PopUpArchiveFolderTableViewCell.xib */ = {isa = PBXFileReference; lastKnownFileType = file.xib; path = PopUpArchiveFolderTableViewCell.xib; sourceTree = "<group>"; };
		493BCBDF26F4B2890096422A /* PopUpArchiveFolderViewController.swift */ = {isa = PBXFileReference; lastKnownFileType = sourcecode.swift; path = PopUpArchiveFolderViewController.swift; sourceTree = "<group>"; };
		493BCBE326F4BAEF0096422A /* FolderTableViewCell.swift */ = {isa = PBXFileReference; lastKnownFileType = sourcecode.swift; path = FolderTableViewCell.swift; sourceTree = "<group>"; };
		493BCBE426F4BAEF0096422A /* FolderTableViewCell.xib */ = {isa = PBXFileReference; lastKnownFileType = file.xib; path = FolderTableViewCell.xib; sourceTree = "<group>"; };
		493BCBE826F4CEA10096422A /* SongTableViewCell.swift */ = {isa = PBXFileReference; lastKnownFileType = sourcecode.swift; path = SongTableViewCell.swift; sourceTree = "<group>"; };
		493BCBE926F4CEA10096422A /* SongTableViewCell.xib */ = {isa = PBXFileReference; lastKnownFileType = file.xib; path = SongTableViewCell.xib; sourceTree = "<group>"; };
		493BCBEC26F4E2AB0096422A /* ArchiveSongFloatingPanelLayout.swift */ = {isa = PBXFileReference; lastKnownFileType = sourcecode.swift; path = ArchiveSongFloatingPanelLayout.swift; sourceTree = "<group>"; };
		493BCBEE26F4EBCF0096422A /* UpdatedSongTableViewCell.swift */ = {isa = PBXFileReference; lastKnownFileType = sourcecode.swift; path = UpdatedSongTableViewCell.swift; sourceTree = "<group>"; };
		493BCBEF26F4EBCF0096422A /* UpdatedSongTableViewCell.xib */ = {isa = PBXFileReference; lastKnownFileType = file.xib; path = UpdatedSongTableViewCell.xib; sourceTree = "<group>"; };
		493BCBF226F642630096422A /* EmojiTextField.swift */ = {isa = PBXFileReference; lastKnownFileType = sourcecode.swift; path = EmojiTextField.swift; sourceTree = "<group>"; };
		493F232D270DEA4700A618DC /* ArchiveFolderFloatingPanelView.swift */ = {isa = PBXFileReference; lastKnownFileType = sourcecode.swift; path = ArchiveFolderFloatingPanelView.swift; sourceTree = "<group>"; };
		49484CFB2720766100EC12B3 /* SearchViewModel.swift */ = {isa = PBXFileReference; lastKnownFileType = sourcecode.swift; path = SearchViewModel.swift; sourceTree = "<group>"; };
		49484CFD2720791900EC12B3 /* SearchResultViewModel.swift */ = {isa = PBXFileReference; lastKnownFileType = sourcecode.swift; path = SearchResultViewModel.swift; sourceTree = "<group>"; };
		49484CFF2720880400EC12B3 /* SearchHistoryViewModel.swift */ = {isa = PBXFileReference; lastKnownFileType = sourcecode.swift; path = SearchHistoryViewModel.swift; sourceTree = "<group>"; };
		49484D012720B6D500EC12B3 /* ArchiveFolderViewModel.swift */ = {isa = PBXFileReference; lastKnownFileType = sourcecode.swift; path = ArchiveFolderViewModel.swift; sourceTree = "<group>"; };
		49484D032720BD7D00EC12B3 /* ArchiveSongViewModel.swift */ = {isa = PBXFileReference; lastKnownFileType = sourcecode.swift; path = ArchiveSongViewModel.swift; sourceTree = "<group>"; };
		4950FEAA26FB9E9F0093B553 /* BISegmentedControl.swift */ = {isa = PBXFileReference; lastKnownFileType = sourcecode.swift; path = BISegmentedControl.swift; sourceTree = "<group>"; };
		495334302711DE37003F64DE /* SearchResultViewController.swift */ = {isa = PBXFileReference; lastKnownFileType = sourcecode.swift; path = SearchResultViewController.swift; sourceTree = "<group>"; };
		495334322711DE4B003F64DE /* SearchHistoryViewController.swift */ = {isa = PBXFileReference; lastKnownFileType = sourcecode.swift; path = SearchHistoryViewController.swift; sourceTree = "<group>"; };
		495334342711FE75003F64DE /* SearchHistoryTableViewCell.swift */ = {isa = PBXFileReference; lastKnownFileType = sourcecode.swift; path = SearchHistoryTableViewCell.swift; sourceTree = "<group>"; };
		495334352711FE75003F64DE /* SearchHistoryTableViewCell.xib */ = {isa = PBXFileReference; lastKnownFileType = file.xib; path = SearchHistoryTableViewCell.xib; sourceTree = "<group>"; };
		4953343A271204C4003F64DE /* SearchHistoryManager.swift */ = {isa = PBXFileReference; lastKnownFileType = sourcecode.swift; path = SearchHistoryManager.swift; sourceTree = "<group>"; };
		4953343E2712C503003F64DE /* SearchHistory.swift */ = {isa = PBXFileReference; lastKnownFileType = sourcecode.swift; path = SearchHistory.swift; sourceTree = "<group>"; };
		4956CE2126F467040007523B /* NoGaDa.app */ = {isa = PBXFileReference; explicitFileType = wrapper.application; includeInIndex = 0; path = NoGaDa.app; sourceTree = BUILT_PRODUCTS_DIR; };
		4956CE2426F467040007523B /* AppDelegate.swift */ = {isa = PBXFileReference; lastKnownFileType = sourcecode.swift; path = AppDelegate.swift; sourceTree = "<group>"; };
		4956CE2626F467040007523B /* SceneDelegate.swift */ = {isa = PBXFileReference; lastKnownFileType = sourcecode.swift; path = SceneDelegate.swift; sourceTree = "<group>"; };
		4956CE2826F467040007523B /* MainViewController.swift */ = {isa = PBXFileReference; lastKnownFileType = sourcecode.swift; path = MainViewController.swift; sourceTree = "<group>"; };
		4956CE2B26F467040007523B /* Base */ = {isa = PBXFileReference; lastKnownFileType = file.storyboard; name = Base; path = Base.lproj/Main.storyboard; sourceTree = "<group>"; };
		4956CE2D26F467060007523B /* Assets.xcassets */ = {isa = PBXFileReference; lastKnownFileType = folder.assetcatalog; path = Assets.xcassets; sourceTree = "<group>"; };
		4956CE3026F467060007523B /* Base */ = {isa = PBXFileReference; lastKnownFileType = file.storyboard; name = Base; path = Base.lproj/LaunchScreen.storyboard; sourceTree = "<group>"; };
		4956CE3226F467060007523B /* Info.plist */ = {isa = PBXFileReference; lastKnownFileType = text.plist.xml; path = Info.plist; sourceTree = "<group>"; };
		4956CE3726F467060007523B /* NoGaDaTests.xctest */ = {isa = PBXFileReference; explicitFileType = wrapper.cfbundle; includeInIndex = 0; path = NoGaDaTests.xctest; sourceTree = BUILT_PRODUCTS_DIR; };
		4956CE3B26F467060007523B /* NoGaDaTests.swift */ = {isa = PBXFileReference; lastKnownFileType = sourcecode.swift; path = NoGaDaTests.swift; sourceTree = "<group>"; };
		4956CE3D26F467060007523B /* Info.plist */ = {isa = PBXFileReference; lastKnownFileType = text.plist.xml; path = Info.plist; sourceTree = "<group>"; };
		4956CE4226F467060007523B /* NoGaDaUITests.xctest */ = {isa = PBXFileReference; explicitFileType = wrapper.cfbundle; includeInIndex = 0; path = NoGaDaUITests.xctest; sourceTree = BUILT_PRODUCTS_DIR; };
		4956CE4626F467060007523B /* NoGaDaUITests.swift */ = {isa = PBXFileReference; lastKnownFileType = sourcecode.swift; path = NoGaDaUITests.swift; sourceTree = "<group>"; };
		4956CE4826F467060007523B /* Info.plist */ = {isa = PBXFileReference; lastKnownFileType = text.plist.xml; path = Info.plist; sourceTree = "<group>"; };
		4956CE5C26F4940A0007523B /* SearchViewController.swift */ = {isa = PBXFileReference; lastKnownFileType = sourcecode.swift; path = SearchViewController.swift; sourceTree = "<group>"; };
		4956CE5E26F494730007523B /* ArchiveFolderViewController.swift */ = {isa = PBXFileReference; lastKnownFileType = sourcecode.swift; path = ArchiveFolderViewController.swift; sourceTree = "<group>"; };
		4956CE6026F494870007523B /* ArchiveSongViewController.swift */ = {isa = PBXFileReference; lastKnownFileType = sourcecode.swift; path = ArchiveSongViewController.swift; sourceTree = "<group>"; };
		4956CE6226F494990007523B /* AddFolderViewController.swift */ = {isa = PBXFileReference; lastKnownFileType = sourcecode.swift; path = AddFolderViewController.swift; sourceTree = "<group>"; };
		496BE2AE27173D5300CFD96D /* SplashView.swift */ = {isa = PBXFileReference; lastKnownFileType = sourcecode.swift; path = SplashView.swift; sourceTree = "<group>"; };
		4989A72526F8863C00A98B63 /* KaraokeApiManager.swift */ = {isa = PBXFileReference; lastKnownFileType = sourcecode.swift; path = KaraokeApiManager.swift; sourceTree = "<group>"; };
		4992C7612721B3D6006045FF /* AddFolderViewModel.swift */ = {isa = PBXFileReference; lastKnownFileType = sourcecode.swift; path = AddFolderViewModel.swift; sourceTree = "<group>"; };
		4992C7632721B86F006045FF /* PopUpArchiveFolderViewModel.swift */ = {isa = PBXFileReference; lastKnownFileType = sourcecode.swift; path = PopUpArchiveFolderViewModel.swift; sourceTree = "<group>"; };
		4997CFD22704705B005F0D85 /* IconResourceCollectionViewCell.swift */ = {isa = PBXFileReference; lastKnownFileType = sourcecode.swift; path = IconResourceCollectionViewCell.swift; sourceTree = "<group>"; };
		4997CFD32704705B005F0D85 /* IconResourceCollectionViewCell.xib */ = {isa = PBXFileReference; lastKnownFileType = file.xib; path = IconResourceCollectionViewCell.xib; sourceTree = "<group>"; };
		4997CFD6270471CB005F0D85 /* ResourceItem.swift */ = {isa = PBXFileReference; lastKnownFileType = sourcecode.swift; path = ResourceItem.swift; sourceTree = "<group>"; };
		4997D01627059FD3005F0D85 /* ArchiveFolderShortcutView.swift */ = {isa = PBXFileReference; lastKnownFileType = sourcecode.swift; path = ArchiveFolderShortcutView.swift; sourceTree = "<group>"; };
		49C6DC32270298E30094403B /* AppbarView.swift */ = {isa = PBXFileReference; lastKnownFileType = sourcecode.swift; path = AppbarView.swift; sourceTree = "<group>"; };
		49C6DC74270372F40094403B /* SettingViewController.swift */ = {isa = PBXFileReference; lastKnownFileType = sourcecode.swift; path = SettingViewController.swift; sourceTree = "<group>"; };
		49C6DC78270381910094403B /* SettingEtcTableViewCell.swift */ = {isa = PBXFileReference; lastKnownFileType = sourcecode.swift; path = SettingEtcTableViewCell.swift; sourceTree = "<group>"; };
		49C6DC79270381910094403B /* SettingEtcTableViewCell.xib */ = {isa = PBXFileReference; lastKnownFileType = file.xib; path = SettingEtcTableViewCell.xib; sourceTree = "<group>"; };
		49C6DC7C270382620094403B /* SettingEtcItem.swift */ = {isa = PBXFileReference; lastKnownFileType = sourcecode.swift; path = SettingEtcItem.swift; sourceTree = "<group>"; };
		49D1D6AD26FC686D0024C5F9 /* KaraokeBrand.swift */ = {isa = PBXFileReference; lastKnownFileType = sourcecode.swift; path = KaraokeBrand.swift; sourceTree = "<group>"; };
		49D1D6AF26FC689D0024C5F9 /* KaraokeAPIErrMessage.swift */ = {isa = PBXFileReference; lastKnownFileType = sourcecode.swift; path = KaraokeAPIErrMessage.swift; sourceTree = "<group>"; };
		49D1D6B126FC68F30024C5F9 /* Song.swift */ = {isa = PBXFileReference; lastKnownFileType = sourcecode.swift; path = Song.swift; sourceTree = "<group>"; };
		49D1D6B326FC69660024C5F9 /* KaraokeAPIPath.swift */ = {isa = PBXFileReference; lastKnownFileType = sourcecode.swift; path = KaraokeAPIPath.swift; sourceTree = "<group>"; };
		49D1D6B526FC69770024C5F9 /* ArchiveSong.swift */ = {isa = PBXFileReference; lastKnownFileType = sourcecode.swift; path = ArchiveSong.swift; sourceTree = "<group>"; };
		49D1D6B726FC6C0E0024C5F9 /* ArchiveFolder.swift */ = {isa = PBXFileReference; lastKnownFileType = sourcecode.swift; path = ArchiveFolder.swift; sourceTree = "<group>"; };
		49D1D6BB26FC70720024C5F9 /* SongFolderManager.swift */ = {isa = PBXFileReference; lastKnownFileType = sourcecode.swift; path = SongFolderManager.swift; sourceTree = "<group>"; };
		49D4CD4826F9E25B000D2E28 /* SearchFilterTableViewCell.swift */ = {isa = PBXFileReference; lastKnownFileType = sourcecode.swift; path = SearchFilterTableViewCell.swift; sourceTree = "<group>"; };
		49D4CD4926F9E25B000D2E28 /* SearchFilterTableViewCell.xib */ = {isa = PBXFileReference; lastKnownFileType = file.xib; path = SearchFilterTableViewCell.xib; sourceTree = "<group>"; };
		49D4CD4C26F9E448000D2E28 /* SearchFilterItem.swift */ = {isa = PBXFileReference; lastKnownFileType = sourcecode.swift; path = SearchFilterItem.swift; sourceTree = "<group>"; };
		49D4CD4E26F9E5ED000D2E28 /* PopOverSearchFilterViewController.swift */ = {isa = PBXFileReference; lastKnownFileType = sourcecode.swift; path = PopOverSearchFilterViewController.swift; sourceTree = "<group>"; };
		49E6EB5A270E0F3200610383 /* AdMobManager.swift */ = {isa = PBXFileReference; lastKnownFileType = sourcecode.swift; path = AdMobManager.swift; sourceTree = "<group>"; };
		49FB0D0927038DED00AE3A9F /* CreditViewController.swift */ = {isa = PBXFileReference; lastKnownFileType = sourcecode.swift; path = CreditViewController.swift; sourceTree = "<group>"; };
		5B9F841F3EB03735370B8BA9 /* Pods_NoGaDaTests.framework */ = {isa = PBXFileReference; explicitFileType = wrapper.framework; includeInIndex = 0; path = Pods_NoGaDaTests.framework; sourceTree = BUILT_PRODUCTS_DIR; };
		6873F83FC069DBDADA7CBF7F /* Pods_NoGaDa_NoGaDaUITests.framework */ = {isa = PBXFileReference; explicitFileType = wrapper.framework; includeInIndex = 0; path = Pods_NoGaDa_NoGaDaUITests.framework; sourceTree = BUILT_PRODUCTS_DIR; };
		8A2F4823EF896D2CDD235013 /* Pods_NoGaDa.framework */ = {isa = PBXFileReference; explicitFileType = wrapper.framework; includeInIndex = 0; path = Pods_NoGaDa.framework; sourceTree = BUILT_PRODUCTS_DIR; };
		8C2E94127F2C1AA383479D47 /* Pods-NoGaDa.debug.xcconfig */ = {isa = PBXFileReference; includeInIndex = 1; lastKnownFileType = text.xcconfig; name = "Pods-NoGaDa.debug.xcconfig"; path = "Target Support Files/Pods-NoGaDa/Pods-NoGaDa.debug.xcconfig"; sourceTree = "<group>"; };
		8E03595C27D799B9006A77CA /* Setting.storyboard */ = {isa = PBXFileReference; lastKnownFileType = file.storyboard; path = Setting.storyboard; sourceTree = "<group>"; };
		8E03596027D79F43006A77CA /* Archive.storyboard */ = {isa = PBXFileReference; lastKnownFileType = file.storyboard; path = Archive.storyboard; sourceTree = "<group>"; };
		8E03596227D79F8C006A77CA /* Search.storyboard */ = {isa = PBXFileReference; lastKnownFileType = file.storyboard; path = Search.storyboard; sourceTree = "<group>"; };
		8E03596427D7A25C006A77CA /* Folder.storyboard */ = {isa = PBXFileReference; lastKnownFileType = file.storyboard; path = Folder.storyboard; sourceTree = "<group>"; };
		8E14E8EA27D49E2D008F18B8 /* HapticFeedbackManager.swift */ = {isa = PBXFileReference; lastKnownFileType = sourcecode.swift; path = HapticFeedbackManager.swift; sourceTree = "<group>"; };
		8E33F3F728546F7000B6E6EE /* ViewModelInjectable.swift */ = {isa = PBXFileReference; lastKnownFileType = sourcecode.swift; path = ViewModelInjectable.swift; sourceTree = "<group>"; };
		8E33F3FA28547C7200B6E6EE /* R.generated.swift */ = {isa = PBXFileReference; fileEncoding = 4; lastKnownFileType = sourcecode.swift; path = R.generated.swift; sourceTree = SOURCE_ROOT; };
		8E33F3FC2854978D00B6E6EE /* BaseViewController.swift */ = {isa = PBXFileReference; lastKnownFileType = sourcecode.swift; path = BaseViewController.swift; sourceTree = "<group>"; };
		8E33F3FE2854A54000B6E6EE /* PopOverSearchFilterViewModel.swift */ = {isa = PBXFileReference; lastKnownFileType = sourcecode.swift; path = PopOverSearchFilterViewModel.swift; sourceTree = "<group>"; };
		8E33F40128579C0C00B6E6EE /* AppbarHeight.swift */ = {isa = PBXFileReference; lastKnownFileType = sourcecode.swift; path = AppbarHeight.swift; sourceTree = "<group>"; };
		8E33F4032857A08900B6E6EE /* UIView+StatusBar.swift */ = {isa = PBXFileReference; lastKnownFileType = sourcecode.swift; path = "UIView+StatusBar.swift"; sourceTree = "<group>"; };
		8E3CE86C28B251A100C3DD27 /* ViewModelType.swift */ = {isa = PBXFileReference; lastKnownFileType = sourcecode.swift; path = ViewModelType.swift; sourceTree = "<group>"; };
		8E3CE87028B26CC700C3DD27 /* UIViewController+Rx.swift */ = {isa = PBXFileReference; lastKnownFileType = sourcecode.swift; path = "UIViewController+Rx.swift"; sourceTree = "<group>"; };
		8E3CE87228B2776F00C3DD27 /* BISegmentedControl+Rx.swift */ = {isa = PBXFileReference; lastKnownFileType = sourcecode.swift; path = "BISegmentedControl+Rx.swift"; sourceTree = "<group>"; };
		8E6C95DD276797D100667C01 /* PopUpSongOptionViewController.swift */ = {isa = PBXFileReference; lastKnownFileType = sourcecode.swift; path = PopUpSongOptionViewController.swift; sourceTree = "<group>"; };
		8E6C95DF27679BB400667C01 /* SongOptionFloatingPanelView.swift */ = {isa = PBXFileReference; lastKnownFileType = sourcecode.swift; path = SongOptionFloatingPanelView.swift; sourceTree = "<group>"; };
		8E6C95E12767A8F900667C01 /* SongOptionFloatingPanelLayout.swift */ = {isa = PBXFileReference; lastKnownFileType = sourcecode.swift; path = SongOptionFloatingPanelLayout.swift; sourceTree = "<group>"; };
		8E6C95E42767B18500667C01 /* PopUpSongOptionTableViewCell.swift */ = {isa = PBXFileReference; lastKnownFileType = sourcecode.swift; path = PopUpSongOptionTableViewCell.swift; sourceTree = "<group>"; };
		8E6C95E52767B18500667C01 /* PopUpSongOptionTableViewCell.xib */ = {isa = PBXFileReference; lastKnownFileType = file.xib; path = PopUpSongOptionTableViewCell.xib; sourceTree = "<group>"; };
		8E6C95E82767B37B00667C01 /* PopUpSongOptionViewModel.swift */ = {isa = PBXFileReference; lastKnownFileType = sourcecode.swift; path = PopUpSongOptionViewModel.swift; sourceTree = "<group>"; };
		8E6C95EA2767B43700667C01 /* SongOption.swift */ = {isa = PBXFileReference; lastKnownFileType = sourcecode.swift; path = SongOption.swift; sourceTree = "<group>"; };
		8E70392D275F2D15001D10A6 /* AddSongViewController.swift */ = {isa = PBXFileReference; lastKnownFileType = sourcecode.swift; path = AddSongViewController.swift; sourceTree = "<group>"; };
		8E70392F275F466D001D10A6 /* AddSongViewModel.swift */ = {isa = PBXFileReference; lastKnownFileType = sourcecode.swift; path = AddSongViewModel.swift; sourceTree = "<group>"; };
		8E703931275FA59B001D10A6 /* HighlightingTextfield.swift */ = {isa = PBXFileReference; lastKnownFileType = sourcecode.swift; path = HighlightingTextfield.swift; sourceTree = "<group>"; };
		8E703933275FECE3001D10A6 /* CreditViewModel.swift */ = {isa = PBXFileReference; lastKnownFileType = sourcecode.swift; path = CreditViewModel.swift; sourceTree = "<group>"; };
		8E79DC4028BB73B0000B4874 /* AnimateButton.swift */ = {isa = PBXFileReference; lastKnownFileType = sourcecode.swift; path = AnimateButton.swift; sourceTree = "<group>"; };
		8E79DC4228BB73CE000B4874 /* UIView+TapScaleAnimation.swift */ = {isa = PBXFileReference; lastKnownFileType = sourcecode.swift; path = "UIView+TapScaleAnimation.swift"; sourceTree = "<group>"; };
		8E79DC4428BB7858000B4874 /* AnimateView.swift */ = {isa = PBXFileReference; lastKnownFileType = sourcecode.swift; path = AnimateView.swift; sourceTree = "<group>"; };
		8E98D7782826DAED0056CED4 /* UIScrollView+ScrollToTop.swift */ = {isa = PBXFileReference; lastKnownFileType = sourcecode.swift; path = "UIScrollView+ScrollToTop.swift"; sourceTree = "<group>"; };
		8E98D77A2826DB1F0056CED4 /* UIActivityIndicatorView+Toggle.swift */ = {isa = PBXFileReference; lastKnownFileType = sourcecode.swift; path = "UIActivityIndicatorView+Toggle.swift"; sourceTree = "<group>"; };
		8E98D77C2826DB380056CED4 /* UILabel+AccentColor.swift */ = {isa = PBXFileReference; lastKnownFileType = sourcecode.swift; path = "UILabel+AccentColor.swift"; sourceTree = "<group>"; };
		8E98D77E2826DB830056CED4 /* UISegmentedControl+Focus.swift */ = {isa = PBXFileReference; lastKnownFileType = sourcecode.swift; path = "UISegmentedControl+Focus.swift"; sourceTree = "<group>"; };
		8E98D7802826DBA60056CED4 /* UITextField+Padding.swift */ = {isa = PBXFileReference; lastKnownFileType = sourcecode.swift; path = "UITextField+Padding.swift"; sourceTree = "<group>"; };
		8E98D7832826DBD40056CED4 /* UITextField+PlaceholderColor.swift */ = {isa = PBXFileReference; lastKnownFileType = sourcecode.swift; path = "UITextField+PlaceholderColor.swift"; sourceTree = "<group>"; };
		8E98D7892826DD000056CED4 /* UIView+Decorate.swift */ = {isa = PBXFileReference; lastKnownFileType = sourcecode.swift; path = "UIView+Decorate.swift"; sourceTree = "<group>"; };
		8E98D78B2826DD280056CED4 /* SurfaceAppearance+PanelShadow.swift */ = {isa = PBXFileReference; lastKnownFileType = sourcecode.swift; path = "SurfaceAppearance+PanelShadow.swift"; sourceTree = "<group>"; };
		8E98D78D2826DD480056CED4 /* UITextView+CenterAlign.swift */ = {isa = PBXFileReference; lastKnownFileType = sourcecode.swift; path = "UITextView+CenterAlign.swift"; sourceTree = "<group>"; };
		8E98D78F2826DD5D0056CED4 /* UIbutton+Padding.swift */ = {isa = PBXFileReference; lastKnownFileType = sourcecode.swift; path = "UIbutton+Padding.swift"; sourceTree = "<group>"; };
		8EFA4D7C2784B015009A8256 /* KaraokeBrandPickerViewController.swift */ = {isa = PBXFileReference; lastKnownFileType = sourcecode.swift; path = KaraokeBrandPickerViewController.swift; sourceTree = "<group>"; };
		8EFA4D7E2784B074009A8256 /* KaraokeBrandPickerViewModel.swift */ = {isa = PBXFileReference; lastKnownFileType = sourcecode.swift; path = KaraokeBrandPickerViewModel.swift; sourceTree = "<group>"; };
		8EFA4D8D2786C589009A8256 /* KaraokeBrandPickerTableViewCell.swift */ = {isa = PBXFileReference; lastKnownFileType = sourcecode.swift; path = KaraokeBrandPickerTableViewCell.swift; sourceTree = "<group>"; };
		8EFA4D8E2786C589009A8256 /* KaraokeBrandPickerTableViewCell.xib */ = {isa = PBXFileReference; lastKnownFileType = file.xib; path = KaraokeBrandPickerTableViewCell.xib; sourceTree = "<group>"; };
		B0F2D7A9D03359BF67336EC9 /* Pods-NoGaDa.release.xcconfig */ = {isa = PBXFileReference; includeInIndex = 1; lastKnownFileType = text.xcconfig; name = "Pods-NoGaDa.release.xcconfig"; path = "Target Support Files/Pods-NoGaDa/Pods-NoGaDa.release.xcconfig"; sourceTree = "<group>"; };
		E813BE03032CBEB614D9CC28 /* Pods-NoGaDaTests.release.xcconfig */ = {isa = PBXFileReference; includeInIndex = 1; lastKnownFileType = text.xcconfig; name = "Pods-NoGaDaTests.release.xcconfig"; path = "Target Support Files/Pods-NoGaDaTests/Pods-NoGaDaTests.release.xcconfig"; sourceTree = "<group>"; };
		F13EA33DA5EBF1B0593B93DF /* Pods-NoGaDa-NoGaDaUITests.release.xcconfig */ = {isa = PBXFileReference; includeInIndex = 1; lastKnownFileType = text.xcconfig; name = "Pods-NoGaDa-NoGaDaUITests.release.xcconfig"; path = "Target Support Files/Pods-NoGaDa-NoGaDaUITests/Pods-NoGaDa-NoGaDaUITests.release.xcconfig"; sourceTree = "<group>"; };
/* End PBXFileReference section */

/* Begin PBXFrameworksBuildPhase section */
		4956CE1E26F467040007523B /* Frameworks */ = {
			isa = PBXFrameworksBuildPhase;
			buildActionMask = 2147483647;
			files = (
				EC86F35FA1048DBBFF87B880 /* Pods_NoGaDa.framework in Frameworks */,
			);
			runOnlyForDeploymentPostprocessing = 0;
		};
		4956CE3426F467060007523B /* Frameworks */ = {
			isa = PBXFrameworksBuildPhase;
			buildActionMask = 2147483647;
			files = (
				22675E4DC94DA537D8C1CA74 /* Pods_NoGaDaTests.framework in Frameworks */,
			);
			runOnlyForDeploymentPostprocessing = 0;
		};
		4956CE3F26F467060007523B /* Frameworks */ = {
			isa = PBXFrameworksBuildPhase;
			buildActionMask = 2147483647;
			files = (
				06C6F6B48F58F30837E8A596 /* Pods_NoGaDa_NoGaDaUITests.framework in Frameworks */,
			);
			runOnlyForDeploymentPostprocessing = 0;
		};
/* End PBXFrameworksBuildPhase section */

/* Begin PBXGroup section */
		25C2821479803CAD119AC155 /* Frameworks */ = {
			isa = PBXGroup;
			children = (
				8A2F4823EF896D2CDD235013 /* Pods_NoGaDa.framework */,
				6873F83FC069DBDADA7CBF7F /* Pods_NoGaDa_NoGaDaUITests.framework */,
				5B9F841F3EB03735370B8BA9 /* Pods_NoGaDaTests.framework */,
			);
			name = Frameworks;
			sourceTree = "<group>";
		};
		491C19BF271D89EC00D4DEB9 /* ViewModels */ = {
			isa = PBXGroup;
			children = (
				491C19C0271D89FD00D4DEB9 /* MainViewModel.swift */,
				49484CFB2720766100EC12B3 /* SearchViewModel.swift */,
				49484D012720B6D500EC12B3 /* ArchiveFolderViewModel.swift */,
				49484D032720BD7D00EC12B3 /* ArchiveSongViewModel.swift */,
				4992C7612721B3D6006045FF /* AddFolderViewModel.swift */,
				4992C7632721B86F006045FF /* PopUpArchiveFolderViewModel.swift */,
				49484CFD2720791900EC12B3 /* SearchResultViewModel.swift */,
				49484CFF2720880400EC12B3 /* SearchHistoryViewModel.swift */,
				8E6C95E82767B37B00667C01 /* PopUpSongOptionViewModel.swift */,
				8EFA4D7E2784B074009A8256 /* KaraokeBrandPickerViewModel.swift */,
				8E33F3FE2854A54000B6E6EE /* PopOverSearchFilterViewModel.swift */,
			);
			path = ViewModels;
			sourceTree = "<group>";
		};
		493BCBE126F4BAC00096422A /* Cells */ = {
			isa = PBXGroup;
			children = (
				493BCBE326F4BAEF0096422A /* FolderTableViewCell.swift */,
				493BCBE826F4CEA10096422A /* SongTableViewCell.swift */,
				493BCBEE26F4EBCF0096422A /* UpdatedSongTableViewCell.swift */,
				493576BD26F70419008CB6DA /* PopUpArchiveFolderTableViewCell.swift */,
				49D4CD4826F9E25B000D2E28 /* SearchFilterTableViewCell.swift */,
				49C6DC78270381910094403B /* SettingEtcTableViewCell.swift */,
				4997CFD22704705B005F0D85 /* IconResourceCollectionViewCell.swift */,
				495334342711FE75003F64DE /* SearchHistoryTableViewCell.swift */,
				8E6C95E42767B18500667C01 /* PopUpSongOptionTableViewCell.swift */,
				8EFA4D8D2786C589009A8256 /* KaraokeBrandPickerTableViewCell.swift */,
			);
			path = Cells;
			sourceTree = "<group>";
		};
		493BCBE226F4BAC30096422A /* Celld */ = {
			isa = PBXGroup;
			children = (
				493BCBEF26F4EBCF0096422A /* UpdatedSongTableViewCell.xib */,
				493BCBE426F4BAEF0096422A /* FolderTableViewCell.xib */,
				493BCBE926F4CEA10096422A /* SongTableViewCell.xib */,
				493576BE26F70419008CB6DA /* PopUpArchiveFolderTableViewCell.xib */,
				8E6C95E52767B18500667C01 /* PopUpSongOptionTableViewCell.xib */,
				49D4CD4926F9E25B000D2E28 /* SearchFilterTableViewCell.xib */,
				49C6DC79270381910094403B /* SettingEtcTableViewCell.xib */,
				4997CFD32704705B005F0D85 /* IconResourceCollectionViewCell.xib */,
				495334352711FE75003F64DE /* SearchHistoryTableViewCell.xib */,
				8EFA4D8E2786C589009A8256 /* KaraokeBrandPickerTableViewCell.xib */,
			);
			path = Celld;
			sourceTree = "<group>";
		};
		4956CE1826F467040007523B = {
			isa = PBXGroup;
			children = (
				4956CE2326F467040007523B /* NoGaDa */,
				4956CE3A26F467060007523B /* NoGaDaTests */,
				4956CE4526F467060007523B /* NoGaDaUITests */,
				4956CE2226F467040007523B /* Products */,
				92EF67CED36C18763E116A46 /* Pods */,
				25C2821479803CAD119AC155 /* Frameworks */,
			);
			sourceTree = "<group>";
		};
		4956CE2226F467040007523B /* Products */ = {
			isa = PBXGroup;
			children = (
				4956CE2126F467040007523B /* NoGaDa.app */,
				4956CE3726F467060007523B /* NoGaDaTests.xctest */,
				4956CE4226F467060007523B /* NoGaDaUITests.xctest */,
			);
			name = Products;
			sourceTree = "<group>";
		};
		4956CE2326F467040007523B /* NoGaDa */ = {
			isa = PBXGroup;
			children = (
				8EF050072826D7BF00166223 /* Sources */,
				8EF050082826D7C800166223 /* Resources */,
			);
			path = NoGaDa;
			sourceTree = "<group>";
		};
		4956CE3A26F467060007523B /* NoGaDaTests */ = {
			isa = PBXGroup;
			children = (
				4956CE3B26F467060007523B /* NoGaDaTests.swift */,
				4956CE3D26F467060007523B /* Info.plist */,
			);
			path = NoGaDaTests;
			sourceTree = "<group>";
		};
		4956CE4526F467060007523B /* NoGaDaUITests */ = {
			isa = PBXGroup;
			children = (
				4956CE4626F467060007523B /* NoGaDaUITests.swift */,
				4956CE4826F467060007523B /* Info.plist */,
			);
			path = NoGaDaUITests;
			sourceTree = "<group>";
		};
		4956CE5426F469E30007523B /* Controllers */ = {
			isa = PBXGroup;
			children = (
				8E33F3F728546F7000B6E6EE /* ViewModelInjectable.swift */,
				8E33F3FC2854978D00B6E6EE /* BaseViewController.swift */,
				4956CE2826F467040007523B /* MainViewController.swift */,
				4956CE5C26F4940A0007523B /* SearchViewController.swift */,
				4956CE5E26F494730007523B /* ArchiveFolderViewController.swift */,
				4956CE6026F494870007523B /* ArchiveSongViewController.swift */,
				4956CE6226F494990007523B /* AddFolderViewController.swift */,
				493BCBDF26F4B2890096422A /* PopUpArchiveFolderViewController.swift */,
				49D4CD4E26F9E5ED000D2E28 /* PopOverSearchFilterViewController.swift */,
				49C6DC74270372F40094403B /* SettingViewController.swift */,
				49FB0D0927038DED00AE3A9F /* CreditViewController.swift */,
				495334302711DE37003F64DE /* SearchResultViewController.swift */,
				495334322711DE4B003F64DE /* SearchHistoryViewController.swift */,
				8E70392D275F2D15001D10A6 /* AddSongViewController.swift */,
				8E6C95DD276797D100667C01 /* PopUpSongOptionViewController.swift */,
				8EFA4D7C2784B015009A8256 /* KaraokeBrandPickerViewController.swift */,
				493BCBE126F4BAC00096422A /* Cells */,
			);
			path = Controllers;
			sourceTree = "<group>";
		};
		4956CE5526F469F00007523B /* Views */ = {
			isa = PBXGroup;
			children = (
				493BCBF226F642630096422A /* EmojiTextField.swift */,
				4950FEAA26FB9E9F0093B553 /* BISegmentedControl.swift */,
				49C6DC32270298E30094403B /* AppbarView.swift */,
				4997D01627059FD3005F0D85 /* ArchiveFolderShortcutView.swift */,
				493F232D270DEA4700A618DC /* ArchiveFolderFloatingPanelView.swift */,
				496BE2AE27173D5300CFD96D /* SplashView.swift */,
				8E703931275FA59B001D10A6 /* HighlightingTextfield.swift */,
				8E6C95DF27679BB400667C01 /* SongOptionFloatingPanelView.swift */,
				8E79DC4028BB73B0000B4874 /* AnimateButton.swift */,
				8E79DC4428BB7858000B4874 /* AnimateView.swift */,
				4956CE5726F469FA0007523B /* Storyboards */,
				8E6C95E32767A90200667C01 /* FloatingPanelLayouts */,
			);
			path = Views;
			sourceTree = "<group>";
		};
		4956CE5626F469F30007523B /* Models */ = {
			isa = PBXGroup;
			children = (
				49D4CD4C26F9E448000D2E28 /* SearchFilterItem.swift */,
				49C6DC7C270382620094403B /* SettingEtcItem.swift */,
				49D1D6AD26FC686D0024C5F9 /* KaraokeBrand.swift */,
				49D1D6AF26FC689D0024C5F9 /* KaraokeAPIErrMessage.swift */,
				49D1D6B126FC68F30024C5F9 /* Song.swift */,
				49D1D6B326FC69660024C5F9 /* KaraokeAPIPath.swift */,
				49D1D6B526FC69770024C5F9 /* ArchiveSong.swift */,
				49D1D6B726FC6C0E0024C5F9 /* ArchiveFolder.swift */,
				4997CFD6270471CB005F0D85 /* ResourceItem.swift */,
				4953343E2712C503003F64DE /* SearchHistory.swift */,
				8E70392F275F466D001D10A6 /* AddSongViewModel.swift */,
				8E703933275FECE3001D10A6 /* CreditViewModel.swift */,
				8E6C95EA2767B43700667C01 /* SongOption.swift */,
			);
			path = Models;
			sourceTree = "<group>";
		};
		4956CE5726F469FA0007523B /* Storyboards */ = {
			isa = PBXGroup;
			children = (
				4956CE2A26F467040007523B /* Main.storyboard */,
				8E03595C27D799B9006A77CA /* Setting.storyboard */,
				8E03596027D79F43006A77CA /* Archive.storyboard */,
				8E03596227D79F8C006A77CA /* Search.storyboard */,
				8E03596427D7A25C006A77CA /* Folder.storyboard */,
				493BCBE226F4BAC30096422A /* Celld */,
			);
			path = Storyboards;
			sourceTree = "<group>";
		};
		4989A72426F8862A00A98B63 /* Managers */ = {
			isa = PBXGroup;
			children = (
				4989A72526F8863C00A98B63 /* KaraokeApiManager.swift */,
				49D1D6BB26FC70720024C5F9 /* SongFolderManager.swift */,
				49E6EB5A270E0F3200610383 /* AdMobManager.swift */,
				4953343A271204C4003F64DE /* SearchHistoryManager.swift */,
				8E14E8EA27D49E2D008F18B8 /* HapticFeedbackManager.swift */,
			);
			path = Managers;
			sourceTree = "<group>";
		};
		8E3CE86F28B26CA700C3DD27 /* Rx */ = {
			isa = PBXGroup;
			children = (
				8E3CE87028B26CC700C3DD27 /* UIViewController+Rx.swift */,
				8E3CE87228B2776F00C3DD27 /* BISegmentedControl+Rx.swift */,
			);
			path = Rx;
			sourceTree = "<group>";
		};
		8E6C95E32767A90200667C01 /* FloatingPanelLayouts */ = {
			isa = PBXGroup;
			children = (
				493BCBEC26F4E2AB0096422A /* ArchiveSongFloatingPanelLayout.swift */,
				8E6C95E12767A8F900667C01 /* SongOptionFloatingPanelLayout.swift */,
			);
			path = FloatingPanelLayouts;
			sourceTree = "<group>";
		};
		8EF050072826D7BF00166223 /* Sources */ = {
			isa = PBXGroup;
			children = (
				4956CE2426F467040007523B /* AppDelegate.swift */,
				4956CE2626F467040007523B /* SceneDelegate.swift */,
				4989A72426F8862A00A98B63 /* Managers */,
				4956CE5626F469F30007523B /* Models */,
				4956CE5526F469F00007523B /* Views */,
				4956CE5426F469E30007523B /* Controllers */,
				491C19BF271D89EC00D4DEB9 /* ViewModels */,
				8EF0500A2826D82F00166223 /* Utils */,
				8E3CE86F28B26CA700C3DD27 /* Rx */,
				8EF050092826D7E600166223 /* SupportingFiles */,
			);
			path = Sources;
			sourceTree = "<group>";
		};
		8EF050082826D7C800166223 /* Resources */ = {
			isa = PBXGroup;
			children = (
				4956CE2D26F467060007523B /* Assets.xcassets */,
				491A6D082707026C00E41D5B /* InfoPlist.strings */,
				4956CE2F26F467060007523B /* LaunchScreen.storyboard */,
			);
			path = Resources;
			sourceTree = "<group>";
		};
		8EF050092826D7E600166223 /* SupportingFiles */ = {
			isa = PBXGroup;
			children = (
				8E33F3FA28547C7200B6E6EE /* R.generated.swift */,
				4956CE3226F467060007523B /* Info.plist */,
			);
			path = SupportingFiles;
			sourceTree = "<group>";
		};
		8EF0500A2826D82F00166223 /* Utils */ = {
			isa = PBXGroup;
			children = (
				8E98D7782826DAED0056CED4 /* UIScrollView+ScrollToTop.swift */,
				8E98D77A2826DB1F0056CED4 /* UIActivityIndicatorView+Toggle.swift */,
				8E98D77C2826DB380056CED4 /* UILabel+AccentColor.swift */,
				8E98D77E2826DB830056CED4 /* UISegmentedControl+Focus.swift */,
				8E98D7802826DBA60056CED4 /* UITextField+Padding.swift */,
				8E98D7832826DBD40056CED4 /* UITextField+PlaceholderColor.swift */,
				8E98D7892826DD000056CED4 /* UIView+Decorate.swift */,
				8E98D78B2826DD280056CED4 /* SurfaceAppearance+PanelShadow.swift */,
				8E98D78D2826DD480056CED4 /* UITextView+CenterAlign.swift */,
				8E98D78F2826DD5D0056CED4 /* UIbutton+Padding.swift */,
				8E33F40128579C0C00B6E6EE /* AppbarHeight.swift */,
				8E33F4032857A08900B6E6EE /* UIView+StatusBar.swift */,
				8E3CE86C28B251A100C3DD27 /* ViewModelType.swift */,
				8E79DC4228BB73CE000B4874 /* UIView+TapScaleAnimation.swift */,
			);
			path = Utils;
			sourceTree = "<group>";
		};
		92EF67CED36C18763E116A46 /* Pods */ = {
			isa = PBXGroup;
			children = (
				8C2E94127F2C1AA383479D47 /* Pods-NoGaDa.debug.xcconfig */,
				B0F2D7A9D03359BF67336EC9 /* Pods-NoGaDa.release.xcconfig */,
				4422EEB87FDF2468201579D4 /* Pods-NoGaDa-NoGaDaUITests.debug.xcconfig */,
				F13EA33DA5EBF1B0593B93DF /* Pods-NoGaDa-NoGaDaUITests.release.xcconfig */,
				0332DD93DD171EB6D07A964B /* Pods-NoGaDaTests.debug.xcconfig */,
				E813BE03032CBEB614D9CC28 /* Pods-NoGaDaTests.release.xcconfig */,
			);
			path = Pods;
			sourceTree = "<group>";
		};
/* End PBXGroup section */

/* Begin PBXNativeTarget section */
		4956CE2026F467040007523B /* NoGaDa */ = {
			isa = PBXNativeTarget;
			buildConfigurationList = 4956CE4B26F467060007523B /* Build configuration list for PBXNativeTarget "NoGaDa" */;
			buildPhases = (
				8B89F334D55D61A4B6EF8C6E /* [CP] Check Pods Manifest.lock */,
				8E33F3F928547C0E00B6E6EE /* R.Swift */,
				4956CE1D26F467040007523B /* Sources */,
				4956CE1E26F467040007523B /* Frameworks */,
				4956CE1F26F467040007523B /* Resources */,
				326D097C09E59B326BEDC7DE /* [CP] Embed Pods Frameworks */,
			);
			buildRules = (
			);
			dependencies = (
			);
			name = NoGaDa;
			productName = NoGaDa;
			productReference = 4956CE2126F467040007523B /* NoGaDa.app */;
			productType = "com.apple.product-type.application";
		};
		4956CE3626F467060007523B /* NoGaDaTests */ = {
			isa = PBXNativeTarget;
			buildConfigurationList = 4956CE4E26F467060007523B /* Build configuration list for PBXNativeTarget "NoGaDaTests" */;
			buildPhases = (
				8B8BFB9087F61F161C135EA8 /* [CP] Check Pods Manifest.lock */,
				4956CE3326F467060007523B /* Sources */,
				4956CE3426F467060007523B /* Frameworks */,
				4956CE3526F467060007523B /* Resources */,
			);
			buildRules = (
			);
			dependencies = (
				4956CE3926F467060007523B /* PBXTargetDependency */,
			);
			name = NoGaDaTests;
			productName = NoGaDaTests;
			productReference = 4956CE3726F467060007523B /* NoGaDaTests.xctest */;
			productType = "com.apple.product-type.bundle.unit-test";
		};
		4956CE4126F467060007523B /* NoGaDaUITests */ = {
			isa = PBXNativeTarget;
			buildConfigurationList = 4956CE5126F467060007523B /* Build configuration list for PBXNativeTarget "NoGaDaUITests" */;
			buildPhases = (
				DD1020FA1DDE0F37EC495D79 /* [CP] Check Pods Manifest.lock */,
				4956CE3E26F467060007523B /* Sources */,
				4956CE3F26F467060007523B /* Frameworks */,
				4956CE4026F467060007523B /* Resources */,
				7C96C2DA4D80E8FDF1EDF739 /* [CP] Embed Pods Frameworks */,
			);
			buildRules = (
			);
			dependencies = (
				4956CE4426F467060007523B /* PBXTargetDependency */,
			);
			name = NoGaDaUITests;
			productName = NoGaDaUITests;
			productReference = 4956CE4226F467060007523B /* NoGaDaUITests.xctest */;
			productType = "com.apple.product-type.bundle.ui-testing";
		};
/* End PBXNativeTarget section */

/* Begin PBXProject section */
		4956CE1926F467040007523B /* Project object */ = {
			isa = PBXProject;
			attributes = {
				LastSwiftUpdateCheck = 1250;
				LastUpgradeCheck = 1250;
				TargetAttributes = {
					4956CE2026F467040007523B = {
						CreatedOnToolsVersion = 12.5.1;
					};
					4956CE3626F467060007523B = {
						CreatedOnToolsVersion = 12.5.1;
						TestTargetID = 4956CE2026F467040007523B;
					};
					4956CE4126F467060007523B = {
						CreatedOnToolsVersion = 12.5.1;
						TestTargetID = 4956CE2026F467040007523B;
					};
				};
			};
			buildConfigurationList = 4956CE1C26F467040007523B /* Build configuration list for PBXProject "NoGaDa" */;
			compatibilityVersion = "Xcode 9.3";
			developmentRegion = en;
			hasScannedForEncodings = 0;
			knownRegions = (
				en,
				Base,
				ko,
			);
			mainGroup = 4956CE1826F467040007523B;
			productRefGroup = 4956CE2226F467040007523B /* Products */;
			projectDirPath = "";
			projectRoot = "";
			targets = (
				4956CE2026F467040007523B /* NoGaDa */,
				4956CE3626F467060007523B /* NoGaDaTests */,
				4956CE4126F467060007523B /* NoGaDaUITests */,
			);
		};
/* End PBXProject section */

/* Begin PBXResourcesBuildPhase section */
		4956CE1F26F467040007523B /* Resources */ = {
			isa = PBXResourcesBuildPhase;
			buildActionMask = 2147483647;
			files = (
				4956CE3126F467060007523B /* LaunchScreen.storyboard in Resources */,
				4997CFD52704705B005F0D85 /* IconResourceCollectionViewCell.xib in Resources */,
				8E03595D27D799B9006A77CA /* Setting.storyboard in Resources */,
				8E03596327D79F8C006A77CA /* Search.storyboard in Resources */,
				493BCBEB26F4CEA10096422A /* SongTableViewCell.xib in Resources */,
				493BCBF126F4EBCF0096422A /* UpdatedSongTableViewCell.xib in Resources */,
				4956CE2E26F467060007523B /* Assets.xcassets in Resources */,
				4956CE2C26F467040007523B /* Main.storyboard in Resources */,
				8EFA4D902786C589009A8256 /* KaraokeBrandPickerTableViewCell.xib in Resources */,
				8E03596127D79F43006A77CA /* Archive.storyboard in Resources */,
				8E6C95E72767B18500667C01 /* PopUpSongOptionTableViewCell.xib in Resources */,
				495334372711FE75003F64DE /* SearchHistoryTableViewCell.xib in Resources */,
				49D4CD4B26F9E25C000D2E28 /* SearchFilterTableViewCell.xib in Resources */,
				49C6DC7B270381910094403B /* SettingEtcTableViewCell.xib in Resources */,
				8E03596527D7A25C006A77CA /* Folder.storyboard in Resources */,
				493BCBE626F4BAEF0096422A /* FolderTableViewCell.xib in Resources */,
				491A6D062707026C00E41D5B /* InfoPlist.strings in Resources */,
				493576C026F70419008CB6DA /* PopUpArchiveFolderTableViewCell.xib in Resources */,
			);
			runOnlyForDeploymentPostprocessing = 0;
		};
		4956CE3526F467060007523B /* Resources */ = {
			isa = PBXResourcesBuildPhase;
			buildActionMask = 2147483647;
			files = (
			);
			runOnlyForDeploymentPostprocessing = 0;
		};
		4956CE4026F467060007523B /* Resources */ = {
			isa = PBXResourcesBuildPhase;
			buildActionMask = 2147483647;
			files = (
			);
			runOnlyForDeploymentPostprocessing = 0;
		};
/* End PBXResourcesBuildPhase section */

/* Begin PBXShellScriptBuildPhase section */
		326D097C09E59B326BEDC7DE /* [CP] Embed Pods Frameworks */ = {
			isa = PBXShellScriptBuildPhase;
			buildActionMask = 2147483647;
			files = (
			);
			inputFileListPaths = (
				"${PODS_ROOT}/Target Support Files/Pods-NoGaDa/Pods-NoGaDa-frameworks-${CONFIGURATION}-input-files.xcfilelist",
			);
			name = "[CP] Embed Pods Frameworks";
			outputFileListPaths = (
				"${PODS_ROOT}/Target Support Files/Pods-NoGaDa/Pods-NoGaDa-frameworks-${CONFIGURATION}-output-files.xcfilelist",
			);
			runOnlyForDeploymentPostprocessing = 0;
			shellPath = /bin/sh;
			shellScript = "\"${PODS_ROOT}/Target Support Files/Pods-NoGaDa/Pods-NoGaDa-frameworks.sh\"\n";
			showEnvVarsInLog = 0;
		};
		7C96C2DA4D80E8FDF1EDF739 /* [CP] Embed Pods Frameworks */ = {
			isa = PBXShellScriptBuildPhase;
			buildActionMask = 2147483647;
			files = (
			);
			inputFileListPaths = (
				"${PODS_ROOT}/Target Support Files/Pods-NoGaDa-NoGaDaUITests/Pods-NoGaDa-NoGaDaUITests-frameworks-${CONFIGURATION}-input-files.xcfilelist",
			);
			name = "[CP] Embed Pods Frameworks";
			outputFileListPaths = (
				"${PODS_ROOT}/Target Support Files/Pods-NoGaDa-NoGaDaUITests/Pods-NoGaDa-NoGaDaUITests-frameworks-${CONFIGURATION}-output-files.xcfilelist",
			);
			runOnlyForDeploymentPostprocessing = 0;
			shellPath = /bin/sh;
			shellScript = "\"${PODS_ROOT}/Target Support Files/Pods-NoGaDa-NoGaDaUITests/Pods-NoGaDa-NoGaDaUITests-frameworks.sh\"\n";
			showEnvVarsInLog = 0;
		};
		8B89F334D55D61A4B6EF8C6E /* [CP] Check Pods Manifest.lock */ = {
			isa = PBXShellScriptBuildPhase;
			buildActionMask = 2147483647;
			files = (
			);
			inputFileListPaths = (
			);
			inputPaths = (
				"${PODS_PODFILE_DIR_PATH}/Podfile.lock",
				"${PODS_ROOT}/Manifest.lock",
			);
			name = "[CP] Check Pods Manifest.lock";
			outputFileListPaths = (
			);
			outputPaths = (
				"$(DERIVED_FILE_DIR)/Pods-NoGaDa-checkManifestLockResult.txt",
			);
			runOnlyForDeploymentPostprocessing = 0;
			shellPath = /bin/sh;
			shellScript = "diff \"${PODS_PODFILE_DIR_PATH}/Podfile.lock\" \"${PODS_ROOT}/Manifest.lock\" > /dev/null\nif [ $? != 0 ] ; then\n    # print error to STDERR\n    echo \"error: The sandbox is not in sync with the Podfile.lock. Run 'pod install' or update your CocoaPods installation.\" >&2\n    exit 1\nfi\n# This output is used by Xcode 'outputs' to avoid re-running this script phase.\necho \"SUCCESS\" > \"${SCRIPT_OUTPUT_FILE_0}\"\n";
			showEnvVarsInLog = 0;
		};
		8B8BFB9087F61F161C135EA8 /* [CP] Check Pods Manifest.lock */ = {
			isa = PBXShellScriptBuildPhase;
			buildActionMask = 2147483647;
			files = (
			);
			inputFileListPaths = (
			);
			inputPaths = (
				"${PODS_PODFILE_DIR_PATH}/Podfile.lock",
				"${PODS_ROOT}/Manifest.lock",
			);
			name = "[CP] Check Pods Manifest.lock";
			outputFileListPaths = (
			);
			outputPaths = (
				"$(DERIVED_FILE_DIR)/Pods-NoGaDaTests-checkManifestLockResult.txt",
			);
			runOnlyForDeploymentPostprocessing = 0;
			shellPath = /bin/sh;
			shellScript = "diff \"${PODS_PODFILE_DIR_PATH}/Podfile.lock\" \"${PODS_ROOT}/Manifest.lock\" > /dev/null\nif [ $? != 0 ] ; then\n    # print error to STDERR\n    echo \"error: The sandbox is not in sync with the Podfile.lock. Run 'pod install' or update your CocoaPods installation.\" >&2\n    exit 1\nfi\n# This output is used by Xcode 'outputs' to avoid re-running this script phase.\necho \"SUCCESS\" > \"${SCRIPT_OUTPUT_FILE_0}\"\n";
			showEnvVarsInLog = 0;
		};
		8E33F3F928547C0E00B6E6EE /* R.Swift */ = {
			isa = PBXShellScriptBuildPhase;
			alwaysOutOfDate = 1;
			buildActionMask = 2147483647;
			files = (
			);
			inputFileListPaths = (
			);
			inputPaths = (
			);
			name = R.Swift;
			outputFileListPaths = (
			);
			outputPaths = (
			);
			runOnlyForDeploymentPostprocessing = 0;
			shellPath = /bin/sh;
			shellScript = "\"$PODS_ROOT/R.swift/rswift\" generate \"$SRCROOT/R.generated.swift\"\n";
		};
		DD1020FA1DDE0F37EC495D79 /* [CP] Check Pods Manifest.lock */ = {
			isa = PBXShellScriptBuildPhase;
			buildActionMask = 2147483647;
			files = (
			);
			inputFileListPaths = (
			);
			inputPaths = (
				"${PODS_PODFILE_DIR_PATH}/Podfile.lock",
				"${PODS_ROOT}/Manifest.lock",
			);
			name = "[CP] Check Pods Manifest.lock";
			outputFileListPaths = (
			);
			outputPaths = (
				"$(DERIVED_FILE_DIR)/Pods-NoGaDa-NoGaDaUITests-checkManifestLockResult.txt",
			);
			runOnlyForDeploymentPostprocessing = 0;
			shellPath = /bin/sh;
			shellScript = "diff \"${PODS_PODFILE_DIR_PATH}/Podfile.lock\" \"${PODS_ROOT}/Manifest.lock\" > /dev/null\nif [ $? != 0 ] ; then\n    # print error to STDERR\n    echo \"error: The sandbox is not in sync with the Podfile.lock. Run 'pod install' or update your CocoaPods installation.\" >&2\n    exit 1\nfi\n# This output is used by Xcode 'outputs' to avoid re-running this script phase.\necho \"SUCCESS\" > \"${SCRIPT_OUTPUT_FILE_0}\"\n";
			showEnvVarsInLog = 0;
		};
/* End PBXShellScriptBuildPhase section */

/* Begin PBXSourcesBuildPhase section */
		4956CE1D26F467040007523B /* Sources */ = {
			isa = PBXSourcesBuildPhase;
			buildActionMask = 2147483647;
			files = (
				8E98D78A2826DD000056CED4 /* UIView+Decorate.swift in Sources */,
				4992C7642721B86F006045FF /* PopUpArchiveFolderViewModel.swift in Sources */,
				493BCBE526F4BAEF0096422A /* FolderTableViewCell.swift in Sources */,
				495334332711DE4B003F64DE /* SearchHistoryViewController.swift in Sources */,
				8E79DC4128BB73B0000B4874 /* AnimateButton.swift in Sources */,
				4956CE6126F494870007523B /* ArchiveSongViewController.swift in Sources */,
				8E33F3FB28547C7200B6E6EE /* R.generated.swift in Sources */,
				8E6C95E62767B18500667C01 /* PopUpSongOptionTableViewCell.swift in Sources */,
				8E703934275FECE3001D10A6 /* CreditViewModel.swift in Sources */,
				493BCBEA26F4CEA10096422A /* SongTableViewCell.swift in Sources */,
				4953343B271204C4003F64DE /* SearchHistoryManager.swift in Sources */,
				8E6C95DE276797D100667C01 /* PopUpSongOptionViewController.swift in Sources */,
				8E6C95E22767A8F900667C01 /* SongOptionFloatingPanelLayout.swift in Sources */,
				4956CE5D26F4940A0007523B /* SearchViewController.swift in Sources */,
				4989A72626F8863C00A98B63 /* KaraokeApiManager.swift in Sources */,
				8E98D7812826DBA60056CED4 /* UITextField+Padding.swift in Sources */,
				8E6C95EB2767B43700667C01 /* SongOption.swift in Sources */,
				49484CFE2720791900EC12B3 /* SearchResultViewModel.swift in Sources */,
				49D4CD4D26F9E448000D2E28 /* SearchFilterItem.swift in Sources */,
				49484D042720BD7D00EC12B3 /* ArchiveSongViewModel.swift in Sources */,
				49C6DC33270298E30094403B /* AppbarView.swift in Sources */,
				493BCBF326F642630096422A /* EmojiTextField.swift in Sources */,
				8E14E8EB27D49E2D008F18B8 /* HapticFeedbackManager.swift in Sources */,
				493576BF26F70419008CB6DA /* PopUpArchiveFolderTableViewCell.swift in Sources */,
				8E33F3F828546F7000B6E6EE /* ViewModelInjectable.swift in Sources */,
				49D4CD4F26F9E5ED000D2E28 /* PopOverSearchFilterViewController.swift in Sources */,
				49E6EB5B270E0F3200610383 /* AdMobManager.swift in Sources */,
				4992C7622721B3D6006045FF /* AddFolderViewModel.swift in Sources */,
				495334312711DE37003F64DE /* SearchResultViewController.swift in Sources */,
				8E70392E275F2D15001D10A6 /* AddSongViewController.swift in Sources */,
				8E703932275FA59B001D10A6 /* HighlightingTextfield.swift in Sources */,
				493BCBE026F4B2890096422A /* PopUpArchiveFolderViewController.swift in Sources */,
				496BE2AF27173D5300CFD96D /* SplashView.swift in Sources */,
				8E703930275F466D001D10A6 /* AddSongViewModel.swift in Sources */,
				4997CFD42704705B005F0D85 /* IconResourceCollectionViewCell.swift in Sources */,
				49D1D6B226FC68F30024C5F9 /* Song.swift in Sources */,
				49D1D6AE26FC686D0024C5F9 /* KaraokeBrand.swift in Sources */,
				4956CE2926F467040007523B /* MainViewController.swift in Sources */,
				49D1D6BC26FC70720024C5F9 /* SongFolderManager.swift in Sources */,
				4956CE2526F467040007523B /* AppDelegate.swift in Sources */,
				8E98D77D2826DB380056CED4 /* UILabel+AccentColor.swift in Sources */,
				4956CE6326F494990007523B /* AddFolderViewController.swift in Sources */,
				8E3CE86D28B251A100C3DD27 /* ViewModelType.swift in Sources */,
				49D1D6B826FC6C0E0024C5F9 /* ArchiveFolder.swift in Sources */,
				49D1D6B026FC689D0024C5F9 /* KaraokeAPIErrMessage.swift in Sources */,
				8E33F3FD2854978D00B6E6EE /* BaseViewController.swift in Sources */,
				8E98D7792826DAED0056CED4 /* UIScrollView+ScrollToTop.swift in Sources */,
				8E33F3FF2854A54000B6E6EE /* PopOverSearchFilterViewModel.swift in Sources */,
				49484D002720880400EC12B3 /* SearchHistoryViewModel.swift in Sources */,
				49C6DC7A270381910094403B /* SettingEtcTableViewCell.swift in Sources */,
				8E98D77F2826DB830056CED4 /* UISegmentedControl+Focus.swift in Sources */,
				49484CFC2720766100EC12B3 /* SearchViewModel.swift in Sources */,
				491C19C1271D89FD00D4DEB9 /* MainViewModel.swift in Sources */,
				493F232E270DEA4700A618DC /* ArchiveFolderFloatingPanelView.swift in Sources */,
				493BCBED26F4E2AB0096422A /* ArchiveSongFloatingPanelLayout.swift in Sources */,
				4997D01727059FD3005F0D85 /* ArchiveFolderShortcutView.swift in Sources */,
				8E6C95E027679BB400667C01 /* SongOptionFloatingPanelView.swift in Sources */,
				8E98D7842826DBD40056CED4 /* UITextField+PlaceholderColor.swift in Sources */,
				4956CE2726F467040007523B /* SceneDelegate.swift in Sources */,
				49D1D6B426FC69660024C5F9 /* KaraokeAPIPath.swift in Sources */,
				4950FEAB26FB9E9F0093B553 /* BISegmentedControl.swift in Sources */,
				8EFA4D7F2784B074009A8256 /* KaraokeBrandPickerViewModel.swift in Sources */,
				49C6DC7D270382620094403B /* SettingEtcItem.swift in Sources */,
				495334362711FE75003F64DE /* SearchHistoryTableViewCell.swift in Sources */,
				4953343F2712C503003F64DE /* SearchHistory.swift in Sources */,
				49C6DC75270372F40094403B /* SettingViewController.swift in Sources */,
				49484D022720B6D500EC12B3 /* ArchiveFolderViewModel.swift in Sources */,
				8E3CE87128B26CC700C3DD27 /* UIViewController+Rx.swift in Sources */,
				8E98D77B2826DB1F0056CED4 /* UIActivityIndicatorView+Toggle.swift in Sources */,
				493BCBF026F4EBCF0096422A /* UpdatedSongTableViewCell.swift in Sources */,
				4956CE5F26F494730007523B /* ArchiveFolderViewController.swift in Sources */,
				8E3CE87328B2776F00C3DD27 /* BISegmentedControl+Rx.swift in Sources */,
				8E6C95E92767B37B00667C01 /* PopUpSongOptionViewModel.swift in Sources */,
				49D4CD4A26F9E25C000D2E28 /* SearchFilterTableViewCell.swift in Sources */,
				8E98D78E2826DD480056CED4 /* UITextView+CenterAlign.swift in Sources */,
				8E79DC4328BB73CE000B4874 /* UIView+TapScaleAnimation.swift in Sources */,
				4997CFD7270471CB005F0D85 /* ResourceItem.swift in Sources */,
				8E33F4042857A08900B6E6EE /* UIView+StatusBar.swift in Sources */,
				49D1D6B626FC69770024C5F9 /* ArchiveSong.swift in Sources */,
				8E98D7902826DD5D0056CED4 /* UIbutton+Padding.swift in Sources */,
				8E98D78C2826DD280056CED4 /* SurfaceAppearance+PanelShadow.swift in Sources */,
				8E33F40228579C0C00B6E6EE /* AppbarHeight.swift in Sources */,
				8E79DC4528BB7858000B4874 /* AnimateView.swift in Sources */,
				8EFA4D7D2784B015009A8256 /* KaraokeBrandPickerViewController.swift in Sources */,
				8EFA4D8F2786C589009A8256 /* KaraokeBrandPickerTableViewCell.swift in Sources */,
				49FB0D0A27038DED00AE3A9F /* CreditViewController.swift in Sources */,
			);
			runOnlyForDeploymentPostprocessing = 0;
		};
		4956CE3326F467060007523B /* Sources */ = {
			isa = PBXSourcesBuildPhase;
			buildActionMask = 2147483647;
			files = (
				8E33F4002857980500B6E6EE /* ArchiveSongViewController.swift in Sources */,
				4956CE3C26F467060007523B /* NoGaDaTests.swift in Sources */,
			);
			runOnlyForDeploymentPostprocessing = 0;
		};
		4956CE3E26F467060007523B /* Sources */ = {
			isa = PBXSourcesBuildPhase;
			buildActionMask = 2147483647;
			files = (
				4956CE4726F467060007523B /* NoGaDaUITests.swift in Sources */,
			);
			runOnlyForDeploymentPostprocessing = 0;
		};
/* End PBXSourcesBuildPhase section */

/* Begin PBXTargetDependency section */
		4956CE3926F467060007523B /* PBXTargetDependency */ = {
			isa = PBXTargetDependency;
			target = 4956CE2026F467040007523B /* NoGaDa */;
			targetProxy = 4956CE3826F467060007523B /* PBXContainerItemProxy */;
		};
		4956CE4426F467060007523B /* PBXTargetDependency */ = {
			isa = PBXTargetDependency;
			target = 4956CE2026F467040007523B /* NoGaDa */;
			targetProxy = 4956CE4326F467060007523B /* PBXContainerItemProxy */;
		};
/* End PBXTargetDependency section */

/* Begin PBXVariantGroup section */
		491A6D082707026C00E41D5B /* InfoPlist.strings */ = {
			isa = PBXVariantGroup;
			children = (
				491A6D072707026C00E41D5B /* ko */,
				491A6D092707027000E41D5B /* en */,
			);
			name = InfoPlist.strings;
			sourceTree = "<group>";
		};
		4956CE2A26F467040007523B /* Main.storyboard */ = {
			isa = PBXVariantGroup;
			children = (
				4956CE2B26F467040007523B /* Base */,
				491A6D022707021600E41D5B /* ko */,
			);
			name = Main.storyboard;
			sourceTree = "<group>";
		};
		4956CE2F26F467060007523B /* LaunchScreen.storyboard */ = {
			isa = PBXVariantGroup;
			children = (
				4956CE3026F467060007523B /* Base */,
				491A6D032707021600E41D5B /* ko */,
			);
			name = LaunchScreen.storyboard;
			sourceTree = "<group>";
		};
/* End PBXVariantGroup section */

/* Begin XCBuildConfiguration section */
		4956CE4926F467060007523B /* Debug */ = {
			isa = XCBuildConfiguration;
			buildSettings = {
				ALWAYS_SEARCH_USER_PATHS = NO;
				CLANG_ANALYZER_LOCALIZABILITY_NONLOCALIZED = YES;
				CLANG_ANALYZER_NONNULL = YES;
				CLANG_ANALYZER_NUMBER_OBJECT_CONVERSION = YES_AGGRESSIVE;
				CLANG_CXX_LANGUAGE_STANDARD = "gnu++14";
				CLANG_CXX_LIBRARY = "libc++";
				CLANG_ENABLE_MODULES = YES;
				CLANG_ENABLE_OBJC_ARC = YES;
				CLANG_ENABLE_OBJC_WEAK = YES;
				CLANG_WARN_BLOCK_CAPTURE_AUTORELEASING = YES;
				CLANG_WARN_BOOL_CONVERSION = YES;
				CLANG_WARN_COMMA = YES;
				CLANG_WARN_CONSTANT_CONVERSION = YES;
				CLANG_WARN_DEPRECATED_OBJC_IMPLEMENTATIONS = YES;
				CLANG_WARN_DIRECT_OBJC_ISA_USAGE = YES_ERROR;
				CLANG_WARN_DOCUMENTATION_COMMENTS = YES;
				CLANG_WARN_EMPTY_BODY = YES;
				CLANG_WARN_ENUM_CONVERSION = YES;
				CLANG_WARN_INFINITE_RECURSION = YES;
				CLANG_WARN_INT_CONVERSION = YES;
				CLANG_WARN_NON_LITERAL_NULL_CONVERSION = YES;
				CLANG_WARN_OBJC_IMPLICIT_RETAIN_SELF = YES;
				CLANG_WARN_OBJC_LITERAL_CONVERSION = YES;
				CLANG_WARN_OBJC_ROOT_CLASS = YES_ERROR;
				CLANG_WARN_QUOTED_INCLUDE_IN_FRAMEWORK_HEADER = YES;
				CLANG_WARN_RANGE_LOOP_ANALYSIS = YES;
				CLANG_WARN_STRICT_PROTOTYPES = YES;
				CLANG_WARN_SUSPICIOUS_MOVE = YES;
				CLANG_WARN_UNGUARDED_AVAILABILITY = YES_AGGRESSIVE;
				CLANG_WARN_UNREACHABLE_CODE = YES;
				CLANG_WARN__DUPLICATE_METHOD_MATCH = YES;
				COPY_PHASE_STRIP = NO;
				DEBUG_INFORMATION_FORMAT = dwarf;
				ENABLE_STRICT_OBJC_MSGSEND = YES;
				ENABLE_TESTABILITY = YES;
				GCC_C_LANGUAGE_STANDARD = gnu11;
				GCC_DYNAMIC_NO_PIC = NO;
				GCC_NO_COMMON_BLOCKS = YES;
				GCC_OPTIMIZATION_LEVEL = 0;
				GCC_PREPROCESSOR_DEFINITIONS = (
					"DEBUG=1",
					"$(inherited)",
				);
				GCC_WARN_64_TO_32_BIT_CONVERSION = YES;
				GCC_WARN_ABOUT_RETURN_TYPE = YES_ERROR;
				GCC_WARN_UNDECLARED_SELECTOR = YES;
				GCC_WARN_UNINITIALIZED_AUTOS = YES_AGGRESSIVE;
				GCC_WARN_UNUSED_FUNCTION = YES;
				GCC_WARN_UNUSED_VARIABLE = YES;
				IPHONEOS_DEPLOYMENT_TARGET = 13.0;
				MTL_ENABLE_DEBUG_INFO = INCLUDE_SOURCE;
				MTL_FAST_MATH = YES;
				ONLY_ACTIVE_ARCH = YES;
				SDKROOT = iphoneos;
				SWIFT_ACTIVE_COMPILATION_CONDITIONS = DEBUG;
				SWIFT_OPTIMIZATION_LEVEL = "-Onone";
			};
			name = Debug;
		};
		4956CE4A26F467060007523B /* Release */ = {
			isa = XCBuildConfiguration;
			buildSettings = {
				ALWAYS_SEARCH_USER_PATHS = NO;
				CLANG_ANALYZER_LOCALIZABILITY_NONLOCALIZED = YES;
				CLANG_ANALYZER_NONNULL = YES;
				CLANG_ANALYZER_NUMBER_OBJECT_CONVERSION = YES_AGGRESSIVE;
				CLANG_CXX_LANGUAGE_STANDARD = "gnu++14";
				CLANG_CXX_LIBRARY = "libc++";
				CLANG_ENABLE_MODULES = YES;
				CLANG_ENABLE_OBJC_ARC = YES;
				CLANG_ENABLE_OBJC_WEAK = YES;
				CLANG_WARN_BLOCK_CAPTURE_AUTORELEASING = YES;
				CLANG_WARN_BOOL_CONVERSION = YES;
				CLANG_WARN_COMMA = YES;
				CLANG_WARN_CONSTANT_CONVERSION = YES;
				CLANG_WARN_DEPRECATED_OBJC_IMPLEMENTATIONS = YES;
				CLANG_WARN_DIRECT_OBJC_ISA_USAGE = YES_ERROR;
				CLANG_WARN_DOCUMENTATION_COMMENTS = YES;
				CLANG_WARN_EMPTY_BODY = YES;
				CLANG_WARN_ENUM_CONVERSION = YES;
				CLANG_WARN_INFINITE_RECURSION = YES;
				CLANG_WARN_INT_CONVERSION = YES;
				CLANG_WARN_NON_LITERAL_NULL_CONVERSION = YES;
				CLANG_WARN_OBJC_IMPLICIT_RETAIN_SELF = YES;
				CLANG_WARN_OBJC_LITERAL_CONVERSION = YES;
				CLANG_WARN_OBJC_ROOT_CLASS = YES_ERROR;
				CLANG_WARN_QUOTED_INCLUDE_IN_FRAMEWORK_HEADER = YES;
				CLANG_WARN_RANGE_LOOP_ANALYSIS = YES;
				CLANG_WARN_STRICT_PROTOTYPES = YES;
				CLANG_WARN_SUSPICIOUS_MOVE = YES;
				CLANG_WARN_UNGUARDED_AVAILABILITY = YES_AGGRESSIVE;
				CLANG_WARN_UNREACHABLE_CODE = YES;
				CLANG_WARN__DUPLICATE_METHOD_MATCH = YES;
				COPY_PHASE_STRIP = NO;
				DEBUG_INFORMATION_FORMAT = "dwarf-with-dsym";
				ENABLE_NS_ASSERTIONS = NO;
				ENABLE_STRICT_OBJC_MSGSEND = YES;
				GCC_C_LANGUAGE_STANDARD = gnu11;
				GCC_NO_COMMON_BLOCKS = YES;
				GCC_WARN_64_TO_32_BIT_CONVERSION = YES;
				GCC_WARN_ABOUT_RETURN_TYPE = YES_ERROR;
				GCC_WARN_UNDECLARED_SELECTOR = YES;
				GCC_WARN_UNINITIALIZED_AUTOS = YES_AGGRESSIVE;
				GCC_WARN_UNUSED_FUNCTION = YES;
				GCC_WARN_UNUSED_VARIABLE = YES;
				IPHONEOS_DEPLOYMENT_TARGET = 13.0;
				MTL_ENABLE_DEBUG_INFO = NO;
				MTL_FAST_MATH = YES;
				SDKROOT = iphoneos;
				SWIFT_COMPILATION_MODE = wholemodule;
				SWIFT_OPTIMIZATION_LEVEL = "-O";
				VALIDATE_PRODUCT = YES;
			};
			name = Release;
		};
		4956CE4C26F467060007523B /* Debug */ = {
			isa = XCBuildConfiguration;
			baseConfigurationReference = 8C2E94127F2C1AA383479D47 /* Pods-NoGaDa.debug.xcconfig */;
			buildSettings = {
				ASSETCATALOG_COMPILER_APPICON_NAME = AppIcon;
				ASSETCATALOG_COMPILER_GLOBAL_ACCENT_COLOR_NAME = AccentColor;
				CODE_SIGN_STYLE = Automatic;
				CURRENT_PROJECT_VERSION = 10;
				DEVELOPMENT_TEAM = 497P4L97SV;
				INFOPLIST_FILE = "$(SRCROOT)/NoGaDa/Sources/SupportingFiles/Info.plist";
				IPHONEOS_DEPLOYMENT_TARGET = 13.0;
				LD_RUNPATH_SEARCH_PATHS = (
					"$(inherited)",
					"@executable_path/Frameworks",
				);
				MARKETING_VERSION = 1.1.4;
				PRODUCT_BUNDLE_IDENTIFIER = com.MuffinLabs.NoGaDa;
				PRODUCT_NAME = "$(TARGET_NAME)";
				SWIFT_VERSION = 5.0;
				TARGETED_DEVICE_FAMILY = 1;
			};
			name = Debug;
		};
		4956CE4D26F467060007523B /* Release */ = {
			isa = XCBuildConfiguration;
			baseConfigurationReference = B0F2D7A9D03359BF67336EC9 /* Pods-NoGaDa.release.xcconfig */;
			buildSettings = {
				ASSETCATALOG_COMPILER_APPICON_NAME = AppIcon;
				ASSETCATALOG_COMPILER_GLOBAL_ACCENT_COLOR_NAME = AccentColor;
				CODE_SIGN_STYLE = Automatic;
				CURRENT_PROJECT_VERSION = 10;
				DEVELOPMENT_TEAM = 497P4L97SV;
				INFOPLIST_FILE = "$(SRCROOT)/NoGaDa/Sources/SupportingFiles/Info.plist";
				IPHONEOS_DEPLOYMENT_TARGET = 13.0;
				LD_RUNPATH_SEARCH_PATHS = (
					"$(inherited)",
					"@executable_path/Frameworks",
				);
				MARKETING_VERSION = 1.1.4;
				PRODUCT_BUNDLE_IDENTIFIER = com.MuffinLabs.NoGaDa;
				PRODUCT_NAME = "$(TARGET_NAME)";
				SWIFT_VERSION = 5.0;
				TARGETED_DEVICE_FAMILY = 1;
			};
			name = Release;
		};
		4956CE4F26F467060007523B /* Debug */ = {
			isa = XCBuildConfiguration;
			baseConfigurationReference = 0332DD93DD171EB6D07A964B /* Pods-NoGaDaTests.debug.xcconfig */;
			buildSettings = {
				ALWAYS_EMBED_SWIFT_STANDARD_LIBRARIES = YES;
				BUNDLE_LOADER = "$(TEST_HOST)";
				CODE_SIGN_STYLE = Automatic;
				DEVELOPMENT_TEAM = 497P4L97SV;
				INFOPLIST_FILE = NoGaDaTests/Info.plist;
				IPHONEOS_DEPLOYMENT_TARGET = 14.5;
				LD_RUNPATH_SEARCH_PATHS = (
					"$(inherited)",
					"@executable_path/Frameworks",
					"@loader_path/Frameworks",
				);
				PRODUCT_BUNDLE_IDENTIFIER = com.MuffinLabs.NoGaDaTests;
				PRODUCT_NAME = "$(TARGET_NAME)";
				SWIFT_VERSION = 5.0;
				TARGETED_DEVICE_FAMILY = "1,2";
				TEST_HOST = "$(BUILT_PRODUCTS_DIR)/NoGaDa.app/NoGaDa";
			};
			name = Debug;
		};
		4956CE5026F467060007523B /* Release */ = {
			isa = XCBuildConfiguration;
			baseConfigurationReference = E813BE03032CBEB614D9CC28 /* Pods-NoGaDaTests.release.xcconfig */;
			buildSettings = {
				ALWAYS_EMBED_SWIFT_STANDARD_LIBRARIES = YES;
				BUNDLE_LOADER = "$(TEST_HOST)";
				CODE_SIGN_STYLE = Automatic;
				DEVELOPMENT_TEAM = 497P4L97SV;
				INFOPLIST_FILE = NoGaDaTests/Info.plist;
				IPHONEOS_DEPLOYMENT_TARGET = 14.5;
				LD_RUNPATH_SEARCH_PATHS = (
					"$(inherited)",
					"@executable_path/Frameworks",
					"@loader_path/Frameworks",
				);
				PRODUCT_BUNDLE_IDENTIFIER = com.MuffinLabs.NoGaDaTests;
				PRODUCT_NAME = "$(TARGET_NAME)";
				SWIFT_VERSION = 5.0;
				TARGETED_DEVICE_FAMILY = "1,2";
				TEST_HOST = "$(BUILT_PRODUCTS_DIR)/NoGaDa.app/NoGaDa";
			};
			name = Release;
		};
		4956CE5226F467060007523B /* Debug */ = {
			isa = XCBuildConfiguration;
			baseConfigurationReference = 4422EEB87FDF2468201579D4 /* Pods-NoGaDa-NoGaDaUITests.debug.xcconfig */;
			buildSettings = {
				ALWAYS_EMBED_SWIFT_STANDARD_LIBRARIES = YES;
				CODE_SIGN_STYLE = Automatic;
				DEVELOPMENT_TEAM = 497P4L97SV;
				INFOPLIST_FILE = NoGaDaUITests/Info.plist;
				LD_RUNPATH_SEARCH_PATHS = (
					"$(inherited)",
					"@executable_path/Frameworks",
					"@loader_path/Frameworks",
				);
				PRODUCT_BUNDLE_IDENTIFIER = com.MuffinLabs.NoGaDaUITests;
				PRODUCT_NAME = "$(TARGET_NAME)";
				SWIFT_VERSION = 5.0;
				TARGETED_DEVICE_FAMILY = "1,2";
				TEST_TARGET_NAME = NoGaDa;
			};
			name = Debug;
		};
		4956CE5326F467060007523B /* Release */ = {
			isa = XCBuildConfiguration;
			baseConfigurationReference = F13EA33DA5EBF1B0593B93DF /* Pods-NoGaDa-NoGaDaUITests.release.xcconfig */;
			buildSettings = {
				ALWAYS_EMBED_SWIFT_STANDARD_LIBRARIES = YES;
				CODE_SIGN_STYLE = Automatic;
				DEVELOPMENT_TEAM = 497P4L97SV;
				INFOPLIST_FILE = NoGaDaUITests/Info.plist;
				LD_RUNPATH_SEARCH_PATHS = (
					"$(inherited)",
					"@executable_path/Frameworks",
					"@loader_path/Frameworks",
				);
				PRODUCT_BUNDLE_IDENTIFIER = com.MuffinLabs.NoGaDaUITests;
				PRODUCT_NAME = "$(TARGET_NAME)";
				SWIFT_VERSION = 5.0;
				TARGETED_DEVICE_FAMILY = "1,2";
				TEST_TARGET_NAME = NoGaDa;
			};
			name = Release;
		};
/* End XCBuildConfiguration section */

/* Begin XCConfigurationList section */
		4956CE1C26F467040007523B /* Build configuration list for PBXProject "NoGaDa" */ = {
			isa = XCConfigurationList;
			buildConfigurations = (
				4956CE4926F467060007523B /* Debug */,
				4956CE4A26F467060007523B /* Release */,
			);
			defaultConfigurationIsVisible = 0;
			defaultConfigurationName = Release;
		};
		4956CE4B26F467060007523B /* Build configuration list for PBXNativeTarget "NoGaDa" */ = {
			isa = XCConfigurationList;
			buildConfigurations = (
				4956CE4C26F467060007523B /* Debug */,
				4956CE4D26F467060007523B /* Release */,
			);
			defaultConfigurationIsVisible = 0;
			defaultConfigurationName = Release;
		};
		4956CE4E26F467060007523B /* Build configuration list for PBXNativeTarget "NoGaDaTests" */ = {
			isa = XCConfigurationList;
			buildConfigurations = (
				4956CE4F26F467060007523B /* Debug */,
				4956CE5026F467060007523B /* Release */,
			);
			defaultConfigurationIsVisible = 0;
			defaultConfigurationName = Release;
		};
		4956CE5126F467060007523B /* Build configuration list for PBXNativeTarget "NoGaDaUITests" */ = {
			isa = XCConfigurationList;
			buildConfigurations = (
				4956CE5226F467060007523B /* Debug */,
				4956CE5326F467060007523B /* Release */,
			);
			defaultConfigurationIsVisible = 0;
			defaultConfigurationName = Release;
		};
/* End XCConfigurationList section */
	};
	rootObject = 4956CE1926F467040007523B /* Project object */;
}
