// !$*UTF8*$!
{
	archiveVersion = 1;
	classes = {
	};
	objectVersion = 50;
	objects = {

/* Begin PBXBuildFile section */
		34EA26694D5CB266A9B15F8F /* Pods_NoGaDaTests.framework in Frameworks */ = {isa = PBXBuildFile; fileRef = BB7720E53C3BAA6F994BF373 /* Pods_NoGaDaTests.framework */; };
		474CD8333F1B0AFE69AA2EDE /* Pods_NoGaDa_NoGaDaUITests.framework in Frameworks */ = {isa = PBXBuildFile; fileRef = 2626E07EA8B53E963583F58F /* Pods_NoGaDa_NoGaDaUITests.framework */; };
		4956CE2526F467040007523B /* AppDelegate.swift in Sources */ = {isa = PBXBuildFile; fileRef = 4956CE2426F467040007523B /* AppDelegate.swift */; };
		4956CE2726F467040007523B /* SceneDelegate.swift in Sources */ = {isa = PBXBuildFile; fileRef = 4956CE2626F467040007523B /* SceneDelegate.swift */; };
		4956CE2926F467040007523B /* ViewController.swift in Sources */ = {isa = PBXBuildFile; fileRef = 4956CE2826F467040007523B /* ViewController.swift */; };
		4956CE2C26F467040007523B /* Main.storyboard in Resources */ = {isa = PBXBuildFile; fileRef = 4956CE2A26F467040007523B /* Main.storyboard */; };
		4956CE2E26F467060007523B /* Assets.xcassets in Resources */ = {isa = PBXBuildFile; fileRef = 4956CE2D26F467060007523B /* Assets.xcassets */; };
		4956CE3126F467060007523B /* LaunchScreen.storyboard in Resources */ = {isa = PBXBuildFile; fileRef = 4956CE2F26F467060007523B /* LaunchScreen.storyboard */; };
		4956CE3C26F467060007523B /* NoGaDaTests.swift in Sources */ = {isa = PBXBuildFile; fileRef = 4956CE3B26F467060007523B /* NoGaDaTests.swift */; };
		4956CE4726F467060007523B /* NoGaDaUITests.swift in Sources */ = {isa = PBXBuildFile; fileRef = 4956CE4626F467060007523B /* NoGaDaUITests.swift */; };
		A0A07270628B86A1698B1DDD /* Pods_NoGaDa.framework in Frameworks */ = {isa = PBXBuildFile; fileRef = 5A5028A481B7D32E18ADB952 /* Pods_NoGaDa.framework */; };
/* End PBXBuildFile section */

/* Begin PBXContainerItemProxy section */
		4956CE3826F467060007523B /* PBXContainerItemProxy */ = {
			isa = PBXContainerItemProxy;
			containerPortal = 4956CE1926F467040007523B /* Project object */;
			proxyType = 1;
			remoteGlobalIDString = 4956CE2026F467040007523B;
			remoteInfo = NoGaDa;
		};
		4956CE4326F467060007523B /* PBXContainerItemProxy */ = {
			isa = PBXContainerItemProxy;
			containerPortal = 4956CE1926F467040007523B /* Project object */;
			proxyType = 1;
			remoteGlobalIDString = 4956CE2026F467040007523B;
			remoteInfo = NoGaDa;
		};
/* End PBXContainerItemProxy section */

/* Begin PBXFileReference section */
		2626E07EA8B53E963583F58F /* Pods_NoGaDa_NoGaDaUITests.framework */ = {isa = PBXFileReference; explicitFileType = wrapper.framework; includeInIndex = 0; path = Pods_NoGaDa_NoGaDaUITests.framework; sourceTree = BUILT_PRODUCTS_DIR; };
		366366F417278D5A38E76A14 /* Pods-NoGaDa.debug.xcconfig */ = {isa = PBXFileReference; includeInIndex = 1; lastKnownFileType = text.xcconfig; name = "Pods-NoGaDa.debug.xcconfig"; path = "Target Support Files/Pods-NoGaDa/Pods-NoGaDa.debug.xcconfig"; sourceTree = "<group>"; };
		3E153CD5AE40F6F168965219 /* Pods-NoGaDa.release.xcconfig */ = {isa = PBXFileReference; includeInIndex = 1; lastKnownFileType = text.xcconfig; name = "Pods-NoGaDa.release.xcconfig"; path = "Target Support Files/Pods-NoGaDa/Pods-NoGaDa.release.xcconfig"; sourceTree = "<group>"; };
		4956CE2126F467040007523B /* NoGaDa.app */ = {isa = PBXFileReference; explicitFileType = wrapper.application; includeInIndex = 0; path = NoGaDa.app; sourceTree = BUILT_PRODUCTS_DIR; };
		4956CE2426F467040007523B /* AppDelegate.swift */ = {isa = PBXFileReference; lastKnownFileType = sourcecode.swift; path = AppDelegate.swift; sourceTree = "<group>"; };
		4956CE2626F467040007523B /* SceneDelegate.swift */ = {isa = PBXFileReference; lastKnownFileType = sourcecode.swift; path = SceneDelegate.swift; sourceTree = "<group>"; };
		4956CE2826F467040007523B /* ViewController.swift */ = {isa = PBXFileReference; lastKnownFileType = sourcecode.swift; path = ViewController.swift; sourceTree = "<group>"; };
		4956CE2B26F467040007523B /* Base */ = {isa = PBXFileReference; lastKnownFileType = file.storyboard; name = Base; path = Base.lproj/Main.storyboard; sourceTree = "<group>"; };
		4956CE2D26F467060007523B /* Assets.xcassets */ = {isa = PBXFileReference; lastKnownFileType = folder.assetcatalog; path = Assets.xcassets; sourceTree = "<group>"; };
		4956CE3026F467060007523B /* Base */ = {isa = PBXFileReference; lastKnownFileType = file.storyboard; name = Base; path = Base.lproj/LaunchScreen.storyboard; sourceTree = "<group>"; };
		4956CE3226F467060007523B /* Info.plist */ = {isa = PBXFileReference; lastKnownFileType = text.plist.xml; path = Info.plist; sourceTree = "<group>"; };
		4956CE3726F467060007523B /* NoGaDaTests.xctest */ = {isa = PBXFileReference; explicitFileType = wrapper.cfbundle; includeInIndex = 0; path = NoGaDaTests.xctest; sourceTree = BUILT_PRODUCTS_DIR; };
		4956CE3B26F467060007523B /* NoGaDaTests.swift */ = {isa = PBXFileReference; lastKnownFileType = sourcecode.swift; path = NoGaDaTests.swift; sourceTree = "<group>"; };
		4956CE3D26F467060007523B /* Info.plist */ = {isa = PBXFileReference; lastKnownFileType = text.plist.xml; path = Info.plist; sourceTree = "<group>"; };
		4956CE4226F467060007523B /* NoGaDaUITests.xctest */ = {isa = PBXFileReference; explicitFileType = wrapper.cfbundle; includeInIndex = 0; path = NoGaDaUITests.xctest; sourceTree = BUILT_PRODUCTS_DIR; };
		4956CE4626F467060007523B /* NoGaDaUITests.swift */ = {isa = PBXFileReference; lastKnownFileType = sourcecode.swift; path = NoGaDaUITests.swift; sourceTree = "<group>"; };
		4956CE4826F467060007523B /* Info.plist */ = {isa = PBXFileReference; lastKnownFileType = text.plist.xml; path = Info.plist; sourceTree = "<group>"; };
		5A5028A481B7D32E18ADB952 /* Pods_NoGaDa.framework */ = {isa = PBXFileReference; explicitFileType = wrapper.framework; includeInIndex = 0; path = Pods_NoGaDa.framework; sourceTree = BUILT_PRODUCTS_DIR; };
		5A90500C16DBFE98D1A31FA2 /* Pods-NoGaDa-NoGaDaUITests.release.xcconfig */ = {isa = PBXFileReference; includeInIndex = 1; lastKnownFileType = text.xcconfig; name = "Pods-NoGaDa-NoGaDaUITests.release.xcconfig"; path = "Target Support Files/Pods-NoGaDa-NoGaDaUITests/Pods-NoGaDa-NoGaDaUITests.release.xcconfig"; sourceTree = "<group>"; };
		6C22E3EB259442EC29DDD4D7 /* Pods-NoGaDaTests.release.xcconfig */ = {isa = PBXFileReference; includeInIndex = 1; lastKnownFileType = text.xcconfig; name = "Pods-NoGaDaTests.release.xcconfig"; path = "Target Support Files/Pods-NoGaDaTests/Pods-NoGaDaTests.release.xcconfig"; sourceTree = "<group>"; };
		BB7720E53C3BAA6F994BF373 /* Pods_NoGaDaTests.framework */ = {isa = PBXFileReference; explicitFileType = wrapper.framework; includeInIndex = 0; path = Pods_NoGaDaTests.framework; sourceTree = BUILT_PRODUCTS_DIR; };
		DD6BF1EBE7715946E32E9EB4 /* Pods-NoGaDa-NoGaDaUITests.debug.xcconfig */ = {isa = PBXFileReference; includeInIndex = 1; lastKnownFileType = text.xcconfig; name = "Pods-NoGaDa-NoGaDaUITests.debug.xcconfig"; path = "Target Support Files/Pods-NoGaDa-NoGaDaUITests/Pods-NoGaDa-NoGaDaUITests.debug.xcconfig"; sourceTree = "<group>"; };
		F5B36D4C2E117A580A51C07D /* Pods-NoGaDaTests.debug.xcconfig */ = {isa = PBXFileReference; includeInIndex = 1; lastKnownFileType = text.xcconfig; name = "Pods-NoGaDaTests.debug.xcconfig"; path = "Target Support Files/Pods-NoGaDaTests/Pods-NoGaDaTests.debug.xcconfig"; sourceTree = "<group>"; };
/* End PBXFileReference section */

/* Begin PBXFrameworksBuildPhase section */
		4956CE1E26F467040007523B /* Frameworks */ = {
			isa = PBXFrameworksBuildPhase;
			buildActionMask = 2147483647;
			files = (
				A0A07270628B86A1698B1DDD /* Pods_NoGaDa.framework in Frameworks */,
			);
			runOnlyForDeploymentPostprocessing = 0;
		};
		4956CE3426F467060007523B /* Frameworks */ = {
			isa = PBXFrameworksBuildPhase;
			buildActionMask = 2147483647;
			files = (
				34EA26694D5CB266A9B15F8F /* Pods_NoGaDaTests.framework in Frameworks */,
			);
			runOnlyForDeploymentPostprocessing = 0;
		};
		4956CE3F26F467060007523B /* Frameworks */ = {
			isa = PBXFrameworksBuildPhase;
			buildActionMask = 2147483647;
			files = (
				474CD8333F1B0AFE69AA2EDE /* Pods_NoGaDa_NoGaDaUITests.framework in Frameworks */,
			);
			runOnlyForDeploymentPostprocessing = 0;
		};
/* End PBXFrameworksBuildPhase section */

/* Begin PBXGroup section */
		4956CE1826F467040007523B = {
			isa = PBXGroup;
			children = (
				4956CE2326F467040007523B /* NoGaDa */,
				4956CE3A26F467060007523B /* NoGaDaTests */,
				4956CE4526F467060007523B /* NoGaDaUITests */,
				4956CE2226F467040007523B /* Products */,
				92EF67CED36C18763E116A46 /* Pods */,
				CA0C076D12482842D10B6C0A /* Frameworks */,
			);
			sourceTree = "<group>";
		};
		4956CE2226F467040007523B /* Products */ = {
			isa = PBXGroup;
			children = (
				4956CE2126F467040007523B /* NoGaDa.app */,
				4956CE3726F467060007523B /* NoGaDaTests.xctest */,
				4956CE4226F467060007523B /* NoGaDaUITests.xctest */,
			);
			name = Products;
			sourceTree = "<group>";
		};
		4956CE2326F467040007523B /* NoGaDa */ = {
			isa = PBXGroup;
			children = (
				4956CE2426F467040007523B /* AppDelegate.swift */,
				4956CE2626F467040007523B /* SceneDelegate.swift */,
				4956CE2826F467040007523B /* ViewController.swift */,
				4956CE2A26F467040007523B /* Main.storyboard */,
				4956CE2D26F467060007523B /* Assets.xcassets */,
				4956CE2F26F467060007523B /* LaunchScreen.storyboard */,
				4956CE3226F467060007523B /* Info.plist */,
			);
			path = NoGaDa;
			sourceTree = "<group>";
		};
		4956CE3A26F467060007523B /* NoGaDaTests */ = {
			isa = PBXGroup;
			children = (
				4956CE3B26F467060007523B /* NoGaDaTests.swift */,
				4956CE3D26F467060007523B /* Info.plist */,
			);
			path = NoGaDaTests;
			sourceTree = "<group>";
		};
		4956CE4526F467060007523B /* NoGaDaUITests */ = {
			isa = PBXGroup;
			children = (
				4956CE4626F467060007523B /* NoGaDaUITests.swift */,
				4956CE4826F467060007523B /* Info.plist */,
			);
			path = NoGaDaUITests;
			sourceTree = "<group>";
		};
		92EF67CED36C18763E116A46 /* Pods */ = {
			isa = PBXGroup;
			children = (
				366366F417278D5A38E76A14 /* Pods-NoGaDa.debug.xcconfig */,
				3E153CD5AE40F6F168965219 /* Pods-NoGaDa.release.xcconfig */,
				DD6BF1EBE7715946E32E9EB4 /* Pods-NoGaDa-NoGaDaUITests.debug.xcconfig */,
				5A90500C16DBFE98D1A31FA2 /* Pods-NoGaDa-NoGaDaUITests.release.xcconfig */,
				F5B36D4C2E117A580A51C07D /* Pods-NoGaDaTests.debug.xcconfig */,
				6C22E3EB259442EC29DDD4D7 /* Pods-NoGaDaTests.release.xcconfig */,
			);
			name = Pods;
			path = Pods;
			sourceTree = "<group>";
		};
		CA0C076D12482842D10B6C0A /* Frameworks */ = {
			isa = PBXGroup;
			children = (
				5A5028A481B7D32E18ADB952 /* Pods_NoGaDa.framework */,
				2626E07EA8B53E963583F58F /* Pods_NoGaDa_NoGaDaUITests.framework */,
				BB7720E53C3BAA6F994BF373 /* Pods_NoGaDaTests.framework */,
			);
			name = Frameworks;
			sourceTree = "<group>";
		};
/* End PBXGroup section */

/* Begin PBXNativeTarget section */
		4956CE2026F467040007523B /* NoGaDa */ = {
			isa = PBXNativeTarget;
			buildConfigurationList = 4956CE4B26F467060007523B /* Build configuration list for PBXNativeTarget "NoGaDa" */;
			buildPhases = (
				B6601F70F33055211BA8768D /* [CP] Check Pods Manifest.lock */,
				4956CE1D26F467040007523B /* Sources */,
				4956CE1E26F467040007523B /* Frameworks */,
				4956CE1F26F467040007523B /* Resources */,
			);
			buildRules = (
			);
			dependencies = (
			);
			name = NoGaDa;
			productName = NoGaDa;
			productReference = 4956CE2126F467040007523B /* NoGaDa.app */;
			productType = "com.apple.product-type.application";
		};
		4956CE3626F467060007523B /* NoGaDaTests */ = {
			isa = PBXNativeTarget;
			buildConfigurationList = 4956CE4E26F467060007523B /* Build configuration list for PBXNativeTarget "NoGaDaTests" */;
			buildPhases = (
				5D0CDC9A87DB47B30363A43D /* [CP] Check Pods Manifest.lock */,
				4956CE3326F467060007523B /* Sources */,
				4956CE3426F467060007523B /* Frameworks */,
				4956CE3526F467060007523B /* Resources */,
			);
			buildRules = (
			);
			dependencies = (
				4956CE3926F467060007523B /* PBXTargetDependency */,
			);
			name = NoGaDaTests;
			productName = NoGaDaTests;
			productReference = 4956CE3726F467060007523B /* NoGaDaTests.xctest */;
			productType = "com.apple.product-type.bundle.unit-test";
		};
		4956CE4126F467060007523B /* NoGaDaUITests */ = {
			isa = PBXNativeTarget;
			buildConfigurationList = 4956CE5126F467060007523B /* Build configuration list for PBXNativeTarget "NoGaDaUITests" */;
			buildPhases = (
				8580789170A75BA7FAD11082 /* [CP] Check Pods Manifest.lock */,
				4956CE3E26F467060007523B /* Sources */,
				4956CE3F26F467060007523B /* Frameworks */,
				4956CE4026F467060007523B /* Resources */,
			);
			buildRules = (
			);
			dependencies = (
				4956CE4426F467060007523B /* PBXTargetDependency */,
			);
			name = NoGaDaUITests;
			productName = NoGaDaUITests;
			productReference = 4956CE4226F467060007523B /* NoGaDaUITests.xctest */;
			productType = "com.apple.product-type.bundle.ui-testing";
		};
/* End PBXNativeTarget section */

/* Begin PBXProject section */
		4956CE1926F467040007523B /* Project object */ = {
			isa = PBXProject;
			attributes = {
				LastSwiftUpdateCheck = 1250;
				LastUpgradeCheck = 1250;
				TargetAttributes = {
					4956CE2026F467040007523B = {
						CreatedOnToolsVersion = 12.5.1;
					};
					4956CE3626F467060007523B = {
						CreatedOnToolsVersion = 12.5.1;
						TestTargetID = 4956CE2026F467040007523B;
					};
					4956CE4126F467060007523B = {
						CreatedOnToolsVersion = 12.5.1;
						TestTargetID = 4956CE2026F467040007523B;
					};
				};
			};
			buildConfigurationList = 4956CE1C26F467040007523B /* Build configuration list for PBXProject "NoGaDa" */;
			compatibilityVersion = "Xcode 9.3";
			developmentRegion = en;
			hasScannedForEncodings = 0;
			knownRegions = (
				en,
				Base,
			);
			mainGroup = 4956CE1826F467040007523B;
			productRefGroup = 4956CE2226F467040007523B /* Products */;
			projectDirPath = "";
			projectRoot = "";
			targets = (
				4956CE2026F467040007523B /* NoGaDa */,
				4956CE3626F467060007523B /* NoGaDaTests */,
				4956CE4126F467060007523B /* NoGaDaUITests */,
			);
		};
/* End PBXProject section */

/* Begin PBXResourcesBuildPhase section */
		4956CE1F26F467040007523B /* Resources */ = {
			isa = PBXResourcesBuildPhase;
			buildActionMask = 2147483647;
			files = (
				4956CE3126F467060007523B /* LaunchScreen.storyboard in Resources */,
				4956CE2E26F467060007523B /* Assets.xcassets in Resources */,
				4956CE2C26F467040007523B /* Main.storyboard in Resources */,
			);
			runOnlyForDeploymentPostprocessing = 0;
		};
		4956CE3526F467060007523B /* Resources */ = {
			isa = PBXResourcesBuildPhase;
			buildActionMask = 2147483647;
			files = (
			);
			runOnlyForDeploymentPostprocessing = 0;
		};
		4956CE4026F467060007523B /* Resources */ = {
			isa = PBXResourcesBuildPhase;
			buildActionMask = 2147483647;
			files = (
			);
			runOnlyForDeploymentPostprocessing = 0;
		};
/* End PBXResourcesBuildPhase section */

/* Begin PBXShellScriptBuildPhase section */
		5D0CDC9A87DB47B30363A43D /* [CP] Check Pods Manifest.lock */ = {
			isa = PBXShellScriptBuildPhase;
			buildActionMask = 2147483647;
			files = (
			);
			inputFileListPaths = (
			);
			inputPaths = (
				"${PODS_PODFILE_DIR_PATH}/Podfile.lock",
				"${PODS_ROOT}/Manifest.lock",
			);
			name = "[CP] Check Pods Manifest.lock";
			outputFileListPaths = (
			);
			outputPaths = (
				"$(DERIVED_FILE_DIR)/Pods-NoGaDaTests-checkManifestLockResult.txt",
			);
			runOnlyForDeploymentPostprocessing = 0;
			shellPath = /bin/sh;
			shellScript = "diff \"${PODS_PODFILE_DIR_PATH}/Podfile.lock\" \"${PODS_ROOT}/Manifest.lock\" > /dev/null\nif [ $? != 0 ] ; then\n    # print error to STDERR\n    echo \"error: The sandbox is not in sync with the Podfile.lock. Run 'pod install' or update your CocoaPods installation.\" >&2\n    exit 1\nfi\n# This output is used by Xcode 'outputs' to avoid re-running this script phase.\necho \"SUCCESS\" > \"${SCRIPT_OUTPUT_FILE_0}\"\n";
			showEnvVarsInLog = 0;
		};
		8580789170A75BA7FAD11082 /* [CP] Check Pods Manifest.lock */ = {
			isa = PBXShellScriptBuildPhase;
			buildActionMask = 2147483647;
			files = (
			);
			inputFileListPaths = (
			);
			inputPaths = (
				"${PODS_PODFILE_DIR_PATH}/Podfile.lock",
				"${PODS_ROOT}/Manifest.lock",
			);
			name = "[CP] Check Pods Manifest.lock";
			outputFileListPaths = (
			);
			outputPaths = (
				"$(DERIVED_FILE_DIR)/Pods-NoGaDa-NoGaDaUITests-checkManifestLockResult.txt",
			);
			runOnlyForDeploymentPostprocessing = 0;
			shellPath = /bin/sh;
			shellScript = "diff \"${PODS_PODFILE_DIR_PATH}/Podfile.lock\" \"${PODS_ROOT}/Manifest.lock\" > /dev/null\nif [ $? != 0 ] ; then\n    # print error to STDERR\n    echo \"error: The sandbox is not in sync with the Podfile.lock. Run 'pod install' or update your CocoaPods installation.\" >&2\n    exit 1\nfi\n# This output is used by Xcode 'outputs' to avoid re-running this script phase.\necho \"SUCCESS\" > \"${SCRIPT_OUTPUT_FILE_0}\"\n";
			showEnvVarsInLog = 0;
		};
		B6601F70F33055211BA8768D /* [CP] Check Pods Manifest.lock */ = {
			isa = PBXShellScriptBuildPhase;
			buildActionMask = 2147483647;
			files = (
			);
			inputFileListPaths = (
			);
			inputPaths = (
				"${PODS_PODFILE_DIR_PATH}/Podfile.lock",
				"${PODS_ROOT}/Manifest.lock",
			);
			name = "[CP] Check Pods Manifest.lock";
			outputFileListPaths = (
			);
			outputPaths = (
				"$(DERIVED_FILE_DIR)/Pods-NoGaDa-checkManifestLockResult.txt",
			);
			runOnlyForDeploymentPostprocessing = 0;
			shellPath = /bin/sh;
			shellScript = "diff \"${PODS_PODFILE_DIR_PATH}/Podfile.lock\" \"${PODS_ROOT}/Manifest.lock\" > /dev/null\nif [ $? != 0 ] ; then\n    # print error to STDERR\n    echo \"error: The sandbox is not in sync with the Podfile.lock. Run 'pod install' or update your CocoaPods installation.\" >&2\n    exit 1\nfi\n# This output is used by Xcode 'outputs' to avoid re-running this script phase.\necho \"SUCCESS\" > \"${SCRIPT_OUTPUT_FILE_0}\"\n";
			showEnvVarsInLog = 0;
		};
/* End PBXShellScriptBuildPhase section */

/* Begin PBXSourcesBuildPhase section */
		4956CE1D26F467040007523B /* Sources */ = {
			isa = PBXSourcesBuildPhase;
			buildActionMask = 2147483647;
			files = (
				4956CE2926F467040007523B /* ViewController.swift in Sources */,
				4956CE2526F467040007523B /* AppDelegate.swift in Sources */,
				4956CE2726F467040007523B /* SceneDelegate.swift in Sources */,
			);
			runOnlyForDeploymentPostprocessing = 0;
		};
		4956CE3326F467060007523B /* Sources */ = {
			isa = PBXSourcesBuildPhase;
			buildActionMask = 2147483647;
			files = (
				4956CE3C26F467060007523B /* NoGaDaTests.swift in Sources */,
			);
			runOnlyForDeploymentPostprocessing = 0;
		};
		4956CE3E26F467060007523B /* Sources */ = {
			isa = PBXSourcesBuildPhase;
			buildActionMask = 2147483647;
			files = (
				4956CE4726F467060007523B /* NoGaDaUITests.swift in Sources */,
			);
			runOnlyForDeploymentPostprocessing = 0;
		};
/* End PBXSourcesBuildPhase section */

/* Begin PBXTargetDependency section */
		4956CE3926F467060007523B /* PBXTargetDependency */ = {
			isa = PBXTargetDependency;
			target = 4956CE2026F467040007523B /* NoGaDa */;
			targetProxy = 4956CE3826F467060007523B /* PBXContainerItemProxy */;
		};
		4956CE4426F467060007523B /* PBXTargetDependency */ = {
			isa = PBXTargetDependency;
			target = 4956CE2026F467040007523B /* NoGaDa */;
			targetProxy = 4956CE4326F467060007523B /* PBXContainerItemProxy */;
		};
/* End PBXTargetDependency section */

/* Begin PBXVariantGroup section */
		4956CE2A26F467040007523B /* Main.storyboard */ = {
			isa = PBXVariantGroup;
			children = (
				4956CE2B26F467040007523B /* Base */,
			);
			name = Main.storyboard;
			sourceTree = "<group>";
		};
		4956CE2F26F467060007523B /* LaunchScreen.storyboard */ = {
			isa = PBXVariantGroup;
			children = (
				4956CE3026F467060007523B /* Base */,
			);
			name = LaunchScreen.storyboard;
			sourceTree = "<group>";
		};
/* End PBXVariantGroup section */

/* Begin XCBuildConfiguration section */
		4956CE4926F467060007523B /* Debug */ = {
			isa = XCBuildConfiguration;
			buildSettings = {
				ALWAYS_SEARCH_USER_PATHS = NO;
				CLANG_ANALYZER_NONNULL = YES;
				CLANG_ANALYZER_NUMBER_OBJECT_CONVERSION = YES_AGGRESSIVE;
				CLANG_CXX_LANGUAGE_STANDARD = "gnu++14";
				CLANG_CXX_LIBRARY = "libc++";
				CLANG_ENABLE_MODULES = YES;
				CLANG_ENABLE_OBJC_ARC = YES;
				CLANG_ENABLE_OBJC_WEAK = YES;
				CLANG_WARN_BLOCK_CAPTURE_AUTORELEASING = YES;
				CLANG_WARN_BOOL_CONVERSION = YES;
				CLANG_WARN_COMMA = YES;
				CLANG_WARN_CONSTANT_CONVERSION = YES;
				CLANG_WARN_DEPRECATED_OBJC_IMPLEMENTATIONS = YES;
				CLANG_WARN_DIRECT_OBJC_ISA_USAGE = YES_ERROR;
				CLANG_WARN_DOCUMENTATION_COMMENTS = YES;
				CLANG_WARN_EMPTY_BODY = YES;
				CLANG_WARN_ENUM_CONVERSION = YES;
				CLANG_WARN_INFINITE_RECURSION = YES;
				CLANG_WARN_INT_CONVERSION = YES;
				CLANG_WARN_NON_LITERAL_NULL_CONVERSION = YES;
				CLANG_WARN_OBJC_IMPLICIT_RETAIN_SELF = YES;
				CLANG_WARN_OBJC_LITERAL_CONVERSION = YES;
				CLANG_WARN_OBJC_ROOT_CLASS = YES_ERROR;
				CLANG_WARN_QUOTED_INCLUDE_IN_FRAMEWORK_HEADER = YES;
				CLANG_WARN_RANGE_LOOP_ANALYSIS = YES;
				CLANG_WARN_STRICT_PROTOTYPES = YES;
				CLANG_WARN_SUSPICIOUS_MOVE = YES;
				CLANG_WARN_UNGUARDED_AVAILABILITY = YES_AGGRESSIVE;
				CLANG_WARN_UNREACHABLE_CODE = YES;
				CLANG_WARN__DUPLICATE_METHOD_MATCH = YES;
				COPY_PHASE_STRIP = NO;
				DEBUG_INFORMATION_FORMAT = dwarf;
				ENABLE_STRICT_OBJC_MSGSEND = YES;
				ENABLE_TESTABILITY = YES;
				GCC_C_LANGUAGE_STANDARD = gnu11;
				GCC_DYNAMIC_NO_PIC = NO;
				GCC_NO_COMMON_BLOCKS = YES;
				GCC_OPTIMIZATION_LEVEL = 0;
				GCC_PREPROCESSOR_DEFINITIONS = (
					"DEBUG=1",
					"$(inherited)",
				);
				GCC_WARN_64_TO_32_BIT_CONVERSION = YES;
				GCC_WARN_ABOUT_RETURN_TYPE = YES_ERROR;
				GCC_WARN_UNDECLARED_SELECTOR = YES;
				GCC_WARN_UNINITIALIZED_AUTOS = YES_AGGRESSIVE;
				GCC_WARN_UNUSED_FUNCTION = YES;
				GCC_WARN_UNUSED_VARIABLE = YES;
				IPHONEOS_DEPLOYMENT_TARGET = 14.5;
				MTL_ENABLE_DEBUG_INFO = INCLUDE_SOURCE;
				MTL_FAST_MATH = YES;
				ONLY_ACTIVE_ARCH = YES;
				SDKROOT = iphoneos;
				SWIFT_ACTIVE_COMPILATION_CONDITIONS = DEBUG;
				SWIFT_OPTIMIZATION_LEVEL = "-Onone";
			};
			name = Debug;
		};
		4956CE4A26F467060007523B /* Release */ = {
			isa = XCBuildConfiguration;
			buildSettings = {
				ALWAYS_SEARCH_USER_PATHS = NO;
				CLANG_ANALYZER_NONNULL = YES;
				CLANG_ANALYZER_NUMBER_OBJECT_CONVERSION = YES_AGGRESSIVE;
				CLANG_CXX_LANGUAGE_STANDARD = "gnu++14";
				CLANG_CXX_LIBRARY = "libc++";
				CLANG_ENABLE_MODULES = YES;
				CLANG_ENABLE_OBJC_ARC = YES;
				CLANG_ENABLE_OBJC_WEAK = YES;
				CLANG_WARN_BLOCK_CAPTURE_AUTORELEASING = YES;
				CLANG_WARN_BOOL_CONVERSION = YES;
				CLANG_WARN_COMMA = YES;
				CLANG_WARN_CONSTANT_CONVERSION = YES;
				CLANG_WARN_DEPRECATED_OBJC_IMPLEMENTATIONS = YES;
				CLANG_WARN_DIRECT_OBJC_ISA_USAGE = YES_ERROR;
				CLANG_WARN_DOCUMENTATION_COMMENTS = YES;
				CLANG_WARN_EMPTY_BODY = YES;
				CLANG_WARN_ENUM_CONVERSION = YES;
				CLANG_WARN_INFINITE_RECURSION = YES;
				CLANG_WARN_INT_CONVERSION = YES;
				CLANG_WARN_NON_LITERAL_NULL_CONVERSION = YES;
				CLANG_WARN_OBJC_IMPLICIT_RETAIN_SELF = YES;
				CLANG_WARN_OBJC_LITERAL_CONVERSION = YES;
				CLANG_WARN_OBJC_ROOT_CLASS = YES_ERROR;
				CLANG_WARN_QUOTED_INCLUDE_IN_FRAMEWORK_HEADER = YES;
				CLANG_WARN_RANGE_LOOP_ANALYSIS = YES;
				CLANG_WARN_STRICT_PROTOTYPES = YES;
				CLANG_WARN_SUSPICIOUS_MOVE = YES;
				CLANG_WARN_UNGUARDED_AVAILABILITY = YES_AGGRESSIVE;
				CLANG_WARN_UNREACHABLE_CODE = YES;
				CLANG_WARN__DUPLICATE_METHOD_MATCH = YES;
				COPY_PHASE_STRIP = NO;
				DEBUG_INFORMATION_FORMAT = "dwarf-with-dsym";
				ENABLE_NS_ASSERTIONS = NO;
				ENABLE_STRICT_OBJC_MSGSEND = YES;
				GCC_C_LANGUAGE_STANDARD = gnu11;
				GCC_NO_COMMON_BLOCKS = YES;
				GCC_WARN_64_TO_32_BIT_CONVERSION = YES;
				GCC_WARN_ABOUT_RETURN_TYPE = YES_ERROR;
				GCC_WARN_UNDECLARED_SELECTOR = YES;
				GCC_WARN_UNINITIALIZED_AUTOS = YES_AGGRESSIVE;
				GCC_WARN_UNUSED_FUNCTION = YES;
				GCC_WARN_UNUSED_VARIABLE = YES;
				IPHONEOS_DEPLOYMENT_TARGET = 14.5;
				MTL_ENABLE_DEBUG_INFO = NO;
				MTL_FAST_MATH = YES;
				SDKROOT = iphoneos;
				SWIFT_COMPILATION_MODE = wholemodule;
				SWIFT_OPTIMIZATION_LEVEL = "-O";
				VALIDATE_PRODUCT = YES;
			};
			name = Release;
		};
		4956CE4C26F467060007523B /* Debug */ = {
			isa = XCBuildConfiguration;
			baseConfigurationReference = 366366F417278D5A38E76A14 /* Pods-NoGaDa.debug.xcconfig */;
			buildSettings = {
				ASSETCATALOG_COMPILER_APPICON_NAME = AppIcon;
				ASSETCATALOG_COMPILER_GLOBAL_ACCENT_COLOR_NAME = AccentColor;
				CODE_SIGN_STYLE = Automatic;
				DEVELOPMENT_TEAM = 497P4L97SV;
				INFOPLIST_FILE = NoGaDa/Info.plist;
				IPHONEOS_DEPLOYMENT_TARGET = 13.0;
				LD_RUNPATH_SEARCH_PATHS = (
					"$(inherited)",
					"@executable_path/Frameworks",
				);
				PRODUCT_BUNDLE_IDENTIFIER = com.MuffinLabs.NoGaDa;
				PRODUCT_NAME = "$(TARGET_NAME)";
				SWIFT_VERSION = 5.0;
				TARGETED_DEVICE_FAMILY = 1;
			};
			name = Debug;
		};
		4956CE4D26F467060007523B /* Release */ = {
			isa = XCBuildConfiguration;
			baseConfigurationReference = 3E153CD5AE40F6F168965219 /* Pods-NoGaDa.release.xcconfig */;
			buildSettings = {
				ASSETCATALOG_COMPILER_APPICON_NAME = AppIcon;
				ASSETCATALOG_COMPILER_GLOBAL_ACCENT_COLOR_NAME = AccentColor;
				CODE_SIGN_STYLE = Automatic;
				DEVELOPMENT_TEAM = 497P4L97SV;
				INFOPLIST_FILE = NoGaDa/Info.plist;
				IPHONEOS_DEPLOYMENT_TARGET = 13.0;
				LD_RUNPATH_SEARCH_PATHS = (
					"$(inherited)",
					"@executable_path/Frameworks",
				);
				PRODUCT_BUNDLE_IDENTIFIER = com.MuffinLabs.NoGaDa;
				PRODUCT_NAME = "$(TARGET_NAME)";
				SWIFT_VERSION = 5.0;
				TARGETED_DEVICE_FAMILY = 1;
			};
			name = Release;
		};
		4956CE4F26F467060007523B /* Debug */ = {
			isa = XCBuildConfiguration;
			baseConfigurationReference = F5B36D4C2E117A580A51C07D /* Pods-NoGaDaTests.debug.xcconfig */;
			buildSettings = {
				ALWAYS_EMBED_SWIFT_STANDARD_LIBRARIES = YES;
				BUNDLE_LOADER = "$(TEST_HOST)";
				CODE_SIGN_STYLE = Automatic;
				DEVELOPMENT_TEAM = 497P4L97SV;
				INFOPLIST_FILE = NoGaDaTests/Info.plist;
				IPHONEOS_DEPLOYMENT_TARGET = 14.5;
				LD_RUNPATH_SEARCH_PATHS = (
					"$(inherited)",
					"@executable_path/Frameworks",
					"@loader_path/Frameworks",
				);
				PRODUCT_BUNDLE_IDENTIFIER = com.MuffinLabs.NoGaDaTests;
				PRODUCT_NAME = "$(TARGET_NAME)";
				SWIFT_VERSION = 5.0;
				TARGETED_DEVICE_FAMILY = "1,2";
				TEST_HOST = "$(BUILT_PRODUCTS_DIR)/NoGaDa.app/NoGaDa";
			};
			name = Debug;
		};
		4956CE5026F467060007523B /* Release */ = {
			isa = XCBuildConfiguration;
			baseConfigurationReference = 6C22E3EB259442EC29DDD4D7 /* Pods-NoGaDaTests.release.xcconfig */;
			buildSettings = {
				ALWAYS_EMBED_SWIFT_STANDARD_LIBRARIES = YES;
				BUNDLE_LOADER = "$(TEST_HOST)";
				CODE_SIGN_STYLE = Automatic;
				DEVELOPMENT_TEAM = 497P4L97SV;
				INFOPLIST_FILE = NoGaDaTests/Info.plist;
				IPHONEOS_DEPLOYMENT_TARGET = 14.5;
				LD_RUNPATH_SEARCH_PATHS = (
					"$(inherited)",
					"@executable_path/Frameworks",
					"@loader_path/Frameworks",
				);
				PRODUCT_BUNDLE_IDENTIFIER = com.MuffinLabs.NoGaDaTests;
				PRODUCT_NAME = "$(TARGET_NAME)";
				SWIFT_VERSION = 5.0;
				TARGETED_DEVICE_FAMILY = "1,2";
				TEST_HOST = "$(BUILT_PRODUCTS_DIR)/NoGaDa.app/NoGaDa";
			};
			name = Release;
		};
		4956CE5226F467060007523B /* Debug */ = {
			isa = XCBuildConfiguration;
			baseConfigurationReference = DD6BF1EBE7715946E32E9EB4 /* Pods-NoGaDa-NoGaDaUITests.debug.xcconfig */;
			buildSettings = {
				ALWAYS_EMBED_SWIFT_STANDARD_LIBRARIES = YES;
				CODE_SIGN_STYLE = Automatic;
				DEVELOPMENT_TEAM = 497P4L97SV;
				INFOPLIST_FILE = NoGaDaUITests/Info.plist;
				LD_RUNPATH_SEARCH_PATHS = (
					"$(inherited)",
					"@executable_path/Frameworks",
					"@loader_path/Frameworks",
				);
				PRODUCT_BUNDLE_IDENTIFIER = com.MuffinLabs.NoGaDaUITests;
				PRODUCT_NAME = "$(TARGET_NAME)";
				SWIFT_VERSION = 5.0;
				TARGETED_DEVICE_FAMILY = "1,2";
				TEST_TARGET_NAME = NoGaDa;
			};
			name = Debug;
		};
		4956CE5326F467060007523B /* Release */ = {
			isa = XCBuildConfiguration;
			baseConfigurationReference = 5A90500C16DBFE98D1A31FA2 /* Pods-NoGaDa-NoGaDaUITests.release.xcconfig */;
			buildSettings = {
				ALWAYS_EMBED_SWIFT_STANDARD_LIBRARIES = YES;
				CODE_SIGN_STYLE = Automatic;
				DEVELOPMENT_TEAM = 497P4L97SV;
				INFOPLIST_FILE = NoGaDaUITests/Info.plist;
				LD_RUNPATH_SEARCH_PATHS = (
					"$(inherited)",
					"@executable_path/Frameworks",
					"@loader_path/Frameworks",
				);
				PRODUCT_BUNDLE_IDENTIFIER = com.MuffinLabs.NoGaDaUITests;
				PRODUCT_NAME = "$(TARGET_NAME)";
				SWIFT_VERSION = 5.0;
				TARGETED_DEVICE_FAMILY = "1,2";
				TEST_TARGET_NAME = NoGaDa;
			};
			name = Release;
		};
/* End XCBuildConfiguration section */

/* Begin XCConfigurationList section */
		4956CE1C26F467040007523B /* Build configuration list for PBXProject "NoGaDa" */ = {
			isa = XCConfigurationList;
			buildConfigurations = (
				4956CE4926F467060007523B /* Debug */,
				4956CE4A26F467060007523B /* Release */,
			);
			defaultConfigurationIsVisible = 0;
			defaultConfigurationName = Release;
		};
		4956CE4B26F467060007523B /* Build configuration list for PBXNativeTarget "NoGaDa" */ = {
			isa = XCConfigurationList;
			buildConfigurations = (
				4956CE4C26F467060007523B /* Debug */,
				4956CE4D26F467060007523B /* Release */,
			);
			defaultConfigurationIsVisible = 0;
			defaultConfigurationName = Release;
		};
		4956CE4E26F467060007523B /* Build configuration list for PBXNativeTarget "NoGaDaTests" */ = {
			isa = XCConfigurationList;
			buildConfigurations = (
				4956CE4F26F467060007523B /* Debug */,
				4956CE5026F467060007523B /* Release */,
			);
			defaultConfigurationIsVisible = 0;
			defaultConfigurationName = Release;
		};
		4956CE5126F467060007523B /* Build configuration list for PBXNativeTarget "NoGaDaUITests" */ = {
			isa = XCConfigurationList;
			buildConfigurations = (
				4956CE5226F467060007523B /* Debug */,
				4956CE5326F467060007523B /* Release */,
			);
			defaultConfigurationIsVisible = 0;
			defaultConfigurationName = Release;
		};
/* End XCConfigurationList section */
	};
	rootObject = 4956CE1926F467040007523B /* Project object */;
}
